{
  "name": "basic",
  "version": "1.0.0",
  "lockfileVersion": 3,
  "requires": true,
  "packages": {
    "": {
      "name": "basic",
      "version": "1.0.0",
      "license": "ISC",
      "dependencies": {
        "rig-wasm": "file:../../pkg"
      },
      "devDependencies": {
        "@types/node": "^24.0.12"
      }
    },
    "../../pkg": {
      "name": "rig-wasm",
      "version": "0.0.0",
      "license": "ISC",
      "devDependencies": {
        "@eslint/js": "^9.30.1",
        "eslint": "^9.30.1",
        "globals": "^16.3.0",
        "typescript-eslint": "^8.36.0"
      }
    },
    "node_modules/@types/node": {
      "version": "24.0.12",
      "dev": true,
      "license": "MIT",
      "dependencies": {
        "undici-types": "~7.8.0"
      }
    },
    "node_modules/rig-wasm": {
      "resolved": "../../pkg",
      "link": true
    },
    "node_modules/undici-types": {
      "version": "7.8.0",
      "dev": true,
      "license": "MIT"
    }
  }
}
