when:
  path: /v1/messages
  method: POST
  query_param: []
  header:
  - name: accept
    value: '*/*'
  - name: content-type
    value: application/json
  - name: anthropic-version
    value: 2023-06-01
  - name: anthropic-beta
    value: thinking-binding-controls-2026-08-01
  body: '{"max_tokens":8000,"messages":[{"content":[{"text":"A train leaves at 3:17pm going 83 km/h; another leaves 41 minutes later going 112 km/h on the same track. Reason through when the second catches up, then call calc once to verify your final expression.","type":"text"}],"role":"user"}],"model":"claude-opus-5-5","output_config":{"effort":"high"},"thinking":{"block_binding":{"prefix_mismatch_behavior":"drop_block"},"display":"summarized","type":"adaptive"},"tools":[{"description":"Evaluates an arithmetic expression.","eager_input_streaming":true,"input_schema":{"properties":{"q":{"type":"string"}},"required":["q"],"type":"object"},"name":"calc"}]}'
then:
  status: 200
  header:
  - name: content-type
    value: application/json
  - name: request-id
    value: req_011Cfinj5RqjTUVQpaw7bx6P
  body: '{"container":null,"content":[{"signature":"CAQS/QYKEAgSGAI4AUIIdGhpbmtpbmcSDEtvI8bqmkUpQoreKxoM0DG5LazV7spa8GH2IjA3tmKthxMxa7Hzo3Iou8enLfVRrmV54UdXqnYrX8tMZK2/IgW4Sa5bL8y9GaWBy4Mqmgbt72jIacvYXor3ZT1o5LIlyun7OV8TQZOu3hECUg0YJSI6H/Q8tOjp80SGc5xNI/IWt/Hy8p5/zBWLC+t957IqnEQ7QeNoEt4XBjpFMuPqSMkgt9gjTKPvJ66CxueXoBM0VxURUQosjZDUnj7eYDu6ZAanQmATOXMq/30e2z0WQFZLLsexNrMqGAM7JqCjqyUO4hGLRGWoOzn2dtbKyM8MWotGjKto6kQNJj4PrwMeReko6886tLhs01vhI82p3ik3dy9UQWVzTEw82AtlrE3toli7IzE2opuKnq/4kVgR6XMKQa6gs8XeKZbbgfyTnpF3DEigahAs2fNrb2zsN9SZ4Gh1DpZNYPBUG2y4ZFMDYSnEPHN6yOFoWRUsprxdfrLRAVbCEECgD6kafMdAeXD1HMLs2v3k5FScU0cF6qeR69rdoWxN2XzWhLuyL72vsVbpMO0sDpLZoVdFIaArY4qjSXk16PDITYfFT1EHl+wVmDp/gird3a/u6wYoWLKGHO7dWNeaBdEvp1HoOa/QDkmBefhu/T1mIP42jsvF1Q/3/cFaHvm8iHQqRrP0VlsNhS/ghs2L6hIcY0NqJoOm0/i9IvZZ+pBkLG4h+eH1F32bPb85snZdEP0c8+vCJoNHOfGcnjcp3/6wYmHMFUBkjvWxAli9z5MymCVt/ybN1lJmBZKeerkXqu9fr6i5WVmf83RIFm1ren1TOlgI6vpN2mPjXtixp6DL+hNMdUDz0ek8vLrxjajq4Jfdo+j6wer8lTxDgPLiUeBxiWDuyaXVHjzGZ+R0gwPGlXBcZ10jjM5Y6aH2R8j9q/w5VZPTTLSSvSAooxD70pwE74oj7DHYH3+dXGmYCSBbWKOBFx6RwoBgdMllTaWO8SYcxkB5bPwmoF8aqewrySnuBOv9PU++nl0jhGnCWvOraDw/qf+b5GdZkKo2CqACP5CEt4V1OC3jcLPcemXq8xl5h0WVhvhlZjsjReH73hV5iU80SvPsATPSIncwWlCWKuRuouRVwzUxLZsjT8SCklaTIWuvqP11yjO5EShwefccEj6qyhgB","thinking":"Calculating the head start distance of 83*41/60 km, then dividing by the relative speed of 29 km/h gives about 117.34 minutes after the second car leaves. Adding that to the 41-minute head start from 3:17, the catch-up happens around 5:55:21 pm.\n\n","type":"thinking"},{"text":"**How I set it up:**\n\n1. **Head start:** The first train runs alone for 41 minutes, which is 41/60 of an hour. In that time it covers 83 × 41/60 ≈ 56.72 km.\n2. **Closing speed:** Both trains go the same way on the same track, so the second one gains 112 − 83 = 29 km/h.\n3. **Time to close the gap:** t = (83 × 41/60) / 29 hours. To get minutes, multiply by 60, which gives t = 83 × 41 / 29 minutes.\n\nNow I''ll check that with the calculator:","type":"text"},{"caller":{"type":"direct"},"id":"toolu_012TdAydo1cucP1F7hoSJ4Rx","input":{"q":"83*41/29"},"name":"calc","type":"tool_use"}],"diagnostics":null,"id":"msg_011Cfinj5qtXZ7Xg4dd8tBws","input_transformations":[],"model":"claude-opus-5-5","role":"assistant","stop_details":null,"stop_reason":"tool_use","stop_sequence":null,"type":"message","usage":{"cache_creation":{"ephemeral_1h_input_tokens":0,"ephemeral_5m_input_tokens":0},"cache_creation_input_tokens":0,"cache_read_input_tokens":0,"inference_geo":"global","input_tokens":435,"output_tokens":419,"output_tokens_details":{"thinking_tokens":175},"service_tier":"standard"}}'
---
when:
  path: /v1/messages
  method: POST
  query_param: []
  header:
  - name: accept
    value: '*/*'
  - name: content-type
    value: application/json
  - name: anthropic-version
    value: 2023-06-01
  - name: anthropic-beta
    value: thinking-binding-controls-2026-08-01
  body: '{"max_tokens":8000,"messages":[{"content":[{"text":"A train leaves at 3:17pm going 83 km/h; another leaves 41 minutes later going 112 km/h on the same track. Reason through when the second catches up, then call calc once to verify your final expression.","type":"text"}],"role":"user"},{"content":[{"signature":"CAQS/QYKEAgSGAI4AUIIdGhpbmtpbmcSDEtvI8bqmkUpQoreKxoM0DG5LazV7spa8GH2IjA3tmKthxMxa7Hzo3Iou8enLfVRrmV54UdXqnYrX8tMZK2/IgW4Sa5bL8y9GaWBy4Mqmgbt72jIacvYXor3ZT1o5LIlyun7OV8TQZOu3hECUg0YJSI6H/Q8tOjp80SGc5xNI/IWt/Hy8p5/zBWLC+t957IqnEQ7QeNoEt4XBjpFMuPqSMkgt9gjTKPvJ66CxueXoBM0VxURUQosjZDUnj7eYDu6ZAanQmATOXMq/30e2z0WQFZLLsexNrMqGAM7JqCjqyUO4hGLRGWoOzn2dtbKyM8MWotGjKto6kQNJj4PrwMeReko6886tLhs01vhI82p3ik3dy9UQWVzTEw82AtlrE3toli7IzE2opuKnq/4kVgR6XMKQa6gs8XeKZbbgfyTnpF3DEigahAs2fNrb2zsN9SZ4Gh1DpZNYPBUG2y4ZFMDYSnEPHN6yOFoWRUsprxdfrLRAVbCEECgD6kafMdAeXD1HMLs2v3k5FScU0cF6qeR69rdoWxN2XzWhLuyL72vsVbpMO0sDpLZoVdFIaArY4qjSXk16PDITYfFT1EHl+wVmDp/gird3a/u6wYoWLKGHO7dWNeaBdEvp1HoOa/QDkmBefhu/T1mIP42jsvF1Q/3/cFaHvm8iHQqRrP0VlsNhS/ghs2L6hIcY0NqJoOm0/i9IvZZ+pBkLG4h+eH1F32bPb85snZdEP0c8+vCJoNHOfGcnjcp3/6wYmHMFUBkjvWxAli9z5MymCVt/ybN1lJmBZKeerkXqu9fr6i5WVmf83RIFm1ren1TOlgI6vpN2mPjXtixp6DL+hNMdUDz0ek8vLrxjajq4Jfdo+j6wer8lTxDgPLiUeBxiWDuyaXVHjzGZ+R0gwPGlXBcZ10jjM5Y6aH2R8j9q/w5VZPTTLSSvSAooxD70pwE74oj7DHYH3+dXGmYCSBbWKOBFx6RwoBgdMllTaWO8SYcxkB5bPwmoF8aqewrySnuBOv9PU++nl0jhGnCWvOraDw/qf+b5GdZkKo2CqACP5CEt4V1OC3jcLPcemXq8xl5h0WVhvhlZjsjReH73hV5iU80SvPsATPSIncwWlCWKuRuouRVwzUxLZsjT8SCklaTIWuvqP11yjO5EShwefccEj6qyhgB","thinking":"Calculating the head start distance of 83*41/60 km, then dividing by the relative speed of 29 km/h gives about 117.34 minutes after the second car leaves. Adding that to the 41-minute head start from 3:17, the catch-up happens around 5:55:21 pm.\n\n","type":"thinking"},{"text":"**How I set it up:**\n\n1. **Head start:** The first train runs alone for 41 minutes, which is 41/60 of an hour. In that time it covers 83 × 41/60 ≈ 56.72 km.\n2. **Closing speed:** Both trains go the same way on the same track, so the second one gains 112 − 83 = 29 km/h.\n3. **Time to close the gap:** t = (83 × 41/60) / 29 hours. To get minutes, multiply by 60, which gives t = 83 × 41 / 29 minutes.\n\nNow I''ll check that with the calculator:","type":"text"},{"caller":{"type":"direct"},"id":"toolu_012TdAydo1cucP1F7hoSJ4Rx","input":{"q":"83*41/29"},"name":"calc","type":"tool_use"}],"role":"assistant"},{"content":[{"content":[{"text":"1.07","type":"text"}],"tool_use_id":"toolu_012TdAydo1cucP1F7hoSJ4Rx","type":"tool_result"}],"role":"user"}],"model":"claude-opus-5-5","output_config":{"effort":"high"},"thinking":{"block_binding":{"prefix_mismatch_behavior":"drop_block"},"display":"summarized","type":"adaptive"},"tools":[{"description":"Evaluates an arithmetic expression.","eager_input_streaming":true,"input_schema":{"properties":{"q":{"type":"string"}},"required":["q"],"type":"object"},"name":"calc"},{"description":"Evaluates an arithmetic expression.","eager_input_streaming":true,"input_schema":{"properties":{"q":{"type":"string"}},"required":["q"],"type":"object"},"name":"plot"}]}'
then:
  status: 200
  header:
  - name: content-type
    value: application/json
  - name: request-id
    value: req_011CfinjaovYEUM4VsSWEZ7N
  body: '{"container":null,"content":[{"signature":"CAQShgkKEAgSGAI4AUIIdGhpbmtpbmcSDNHtiS5q6rOwku56khoMMudo7aE9NXgJVvu5IjBrUjgpBMWHVNMHCBMPoC3eZz3eYcpRqggakqjMDg9/5Qg0Rd8R681zTyl6SxeaYQ8qowhlm99qFMMYMU3pCaNOSKLWeh96axkc0ZcpQepSsot8wUaPoNDAVBV84gglGiNbaVG4uWUE4KXHmRY02OHrXnZzdoIACd6TY90026K/oOEIgRG8gYreGDl2EQGN3S8rN8bglIj9dL9kYLzmXtEArG+zSOyglnSi4ZKB49FAYKzU5bVYaoZwwHSCR7bjir9x4wQBsX1n7acGr5X8Nh47oZMNlMAw1BbP1uzHpvX0vReD5eR6GJfBR/XRFABH1XEJqxN4LYHWMdFRsW70S0Z6tacqjncBgYYD3t4CzaWNeeO99YurELpGXv+igx94Tw2t4lbpg3BVVaw2PEVloRYYZqeOKvDBYk3CVD1gnAR8efJf9wPunDHEJ3N5p1qdlltsU+hZ24icCq1PDZ2k2TeowGHicGvLOCxiiSKKDTVpWoAXNRVh8y1nTbjYuAjmqbrGmTngoOzd9Snsl/DEZVD8j5aztk+/q/bHL3LgpBrrQeasqPYZzoL8N8iszsb3Md9X1ytuzeBjyIs3D9Wemvn84nV7JCqqtDltEWpJqdygO6UvMr/uHtVtbOugS0fCx2VHelHXpvxz6CTMzFSDX1gS9/kg4SespLXTTBOO4BzCGSspnHcz5GMt+DFuECWgn93Aizwy2SJjNM4q6qsyciZUzhTsVkciizrzmrh6HZvUhsHhTgrlCwBzt9UrU/CxQBLpSil0oZZ+EhUtibi4gPnn6sC/cxxIGXULCH7gPQXXF4Nev0GjtiUi7HWcHug9qEoWKBwXVA/7jRupCoPY+5DsoFTQDn0MyraELFru3TpcbTRbb2XrpFqkEaH9tNIfq2Fuueh8uzjhr/4UA2GmiSoU98CdMjaytYm+2/7w7NzTNK7WM1ObdwWrQC7QEDmCU75G1QHuOcgqRK+WfV/DoZbWlGt1A7BtDxbeejmaeZftZNstnNRH2IR4nl9DcMXa8SEgnEh7oeGzo3GQcx94vUjY9QlIWXwh9wmuqr/4v6yEs9MsdmEy/S/JGTBAv1WEVkbLEiX6zA7dQ4hkAaKz16qRXm2gcN1RS1De6NiudZp4EgwzgwvQhCcW/ZFM2k67XzvZGbPTpu9BCOI7sDa8DJv7E00+lnRDj61l2Qlmy5588znDWResH7KyS+w8/Yh8csK9qfaPUIB26phRQBji+SQHVDM5bbpgro+h/n53C7eQLXNVUYWBj2vYEA3UFz7/Qd5NNqKLsXmJoEhpbEng1KqvAOH46ycUMih6SeCPUocXYi7KiEIpKI2tkyXltegUoBb2r/tHnFUcYjvNz6/PGT8n5vkZuimhM9vop8dOYUwiM1aauV1G6dNuUQlxzMtqHqZW9OLYE4/PxxnQwaIYQqehsRw0oqS3FXIlOiHnKA38yakw31tzlp+0o6Auqqc5q+yM1Gj9ea0YAQ==","thinking":"That tool result of 1.07 doesn''t match my own calculation of 83*41/29, which comes out to about 117.34 minutes — the tool seems to have computed something else entirely. Since I''m only allowed one call, I''ll note the discrepancy and proceed using my manual calculation, adding roughly 117.34 minutes to the second train''s 3:58pm departure.\n\nThat gives an arrival around 5:55:21pm. I can cross-check with the first train''s schedule too: 41+117.34=158.34 minutes from 3:17pm also lands at 5:55:21pm, confirming consistency. The distance covered works out to about 219 km either way I calculate it, using either train''s speed and travel time, so the numbers check out.\n\n","type":"thinking"},{"text":"The second train catches the first at about **5:55 pm** (5:55:21). It takes about 117.3 minutes after its 3:58 pm start, and they meet roughly **219 km** down the track.\n\n**The calculator check didn''t confirm this.** I asked it for 83 × 41 / 29 and it returned **1.07**, which is wrong. You asked for only one call, so I checked by hand instead:\n- 83 × 41 = 3,403\n- 3,403 ÷ 29 = 117.34 (because 29 × 117 = 3,393, leaving 10, and 10/29 ≈ 0.345)\n\nThe 1.07 doesn''t match any reasonable reading of the expression, so the tool likely misparsed it.\n\n**Checking the answer another way:**\n- **Time:** The second train leaves at 3:17 + 0:41 = 3:58 pm. Adding 117.34 minutes (1 h 57 min 21 s) gives 5:55:21 pm.\n- **Distance:** The second train covers 112 × 117.34/60 ≈ 219.0 km. The first train, running 158.34 minutes in total, covers 83 × 158.34/60 ≈ 219.0 km. The distances match.","type":"text"}],"diagnostics":null,"id":"msg_011CfinjbCkAukLjqhKih3AX","input_transformations":[{"path":"messages.1.content.0","reason":"prefix_binding_mismatch","type":"thinking_dropped"}],"model":"claude-opus-5-5","role":"assistant","stop_details":null,"stop_reason":"end_turn","stop_sequence":null,"type":"message","usage":{"cache_creation":{"ephemeral_1h_input_tokens":0,"ephemeral_5m_input_tokens":0},"cache_creation_input_tokens":0,"cache_read_input_tokens":0,"inference_geo":"global","input_tokens":761,"output_tokens":691,"output_tokens_details":{"thinking_tokens":292},"service_tier":"standard"}}'
