when:
  path: /v1/messages
  method: POST
  query_param: []
  header:
  - name: accept
    value: '*/*'
  - name: content-type
    value: application/json
  - name: anthropic-version
    value: 2023-06-01
  - name: anthropic-beta
    value: thinking-binding-controls-2026-08-01
  body: '{"max_tokens":8000,"messages":[{"content":[{"text":"A train leaves at 3:17pm going 83 km/h; another leaves 41 minutes later going 112 km/h on the same track. Reason through when the second catches up, then call calc once to verify your final expression.","type":"text"}],"role":"user"}],"model":"claude-opus-5-5","output_config":{"effort":"high"},"thinking":{"block_binding":{"prefix_mismatch_behavior":"drop_block"},"display":"summarized","type":"adaptive"},"tools":[{"description":"Evaluates an arithmetic expression.","input_schema":{"properties":{"q":{"type":"string"}},"required":["q"],"type":"object"},"name":"calc"}]}'
then:
  status: 200
  header:
  - name: content-type
    value: application/json
  - name: request-id
    value: req_011Cffm2PbTjmbtz2Nfb4cbB
  body: '{"container":null,"content":[{"signature":"CAQSzQcKEAgSGAI4AUIIdGhpbmtpbmcSDOvL98gctFnzkQcKmhoMd8k3hhbB+HUrhS3MIjDlSEB8cC6SfRRN+/AJk2gcSvEDUV0bEdBWAoZlFnuBtW1+WW2+8m6QLVig0VNiTVsq6gbkdldagPjEJ38dtDBzK88mVxcNd6PisMB8xvp2waituOnc0AqOgZo2/UaweskQuE+/yqbjsmiHFpw+cCmFgMT84weRnURv/Tib0YKFnvoBCXglMKshewfu+YRdvVSrs3Qhgc1wM4heXKeyGUI/ZE0h4xLk2spREwpWq4ph6r9BjJuqoh/l1LABjmazp+2BYbEMXA+1BgwttwARTxxlHeIS3KfT9GnvysW1vzjX7kS7UoYLQY3yLurg0b3knWPAWPZyooShwNzgZ6R4uncLeods/w53V8Yjg06+RwNglQrSYhQujXdhRkMydQ/ZeIsnOd4g48xwDP3YtW91GA+dpkqo843fVLExyIa6DJYZhWRZjJEJmD8U9dgMmSy9qXQY0wBCEBzM9hzU9Lt2l2G95Bl1i46PcUt5NL6rAd8fHp7EWqJ61XMFdZSbiZc1q9jUgpVOdKSqFktVbF1FtKwdTG3u7OrI1DNFqnm0QNWpP8ms6ahKwfHc4v1HicXYKc1pHBh8t5WC4gDm7RtR/DdRt9bvMgxbq5cL1bD1aQv9tI+cW6ZwdRXYXsQQygsVYTgqMiCgEuk1PeZqJse1vnhAJtjDGBOULsiXPcUzFI/b36uQir+uyN/vtKmZXSh8MQlZcBQrajrtDQ0JFanwFGxcB3om4fwf50cPTvqEAoGun77/1NAcAPtYT9ixSVmnYXoIwhcCQcj3V8tPcwj1eJNHfSwC9uDbCXRVN+DZMPAVRa/4g9d3SYfQb0EwoJXyCXnNz3P4f3V52MQgRx03M+jR2x+n72SdUHTh8HhLCglk7b5Tc1FKECltdDvomb3DCaKoLTPRwmTbGNUH2CnMIvrz18Nnj2w4oYN+UmqKpZbixwPE3zRAAAQ0eoVu6qH1MrlqIBpg8TXY2G+tWMQvFCNcqWQCJcCtV3679nG8Dh5hBbaZzzzIv96UXi+MYIQ+AWJkOhVrMmiQemH7CAAAe49TwILIUoWwzHBEmwJOWxwgzBdahqBGHbQ6rHzn6/cV+gGqAPe/2uMB3w+hZGa7eW/oKn+u85Xya86AUi+Gb5vc8RfmE+7yQECjXYScaWoPW6lNCylaD/BDO29BMJhe4OtSUCmhJxWSj26ruoKVzHFVFwGK2BffWM6AU8CWZglwBJgV3d5URcTEfpmGGeAJGAE=","thinking":"Converting the head start into a closing-speed calculation, I get about 117.34 minutes until the second train catches up. Since that train departs at 3:58pm, adding the time gives a catch-up moment of roughly 5:55:21pm.\n\n","type":"thinking"},{"text":"**Setting it up**\n\n1. **Head start:** The first train leaves at 3:17 pm and the second at 3:58 pm. In those 41 minutes the first train travels 83 × (41/60) ≈ 56.72 km.\n2. **Closing speed:** The second train goes 112 − 83 = 29 km/h faster, so it gains 29 km every hour.\n3. **Catch-up time:** It takes the head start divided by the closing speed: (83 × 41/60) ÷ 29 hours. In minutes, the 60s cancel, leaving **83 × 41 / 29**.\n\nChecking that expression:","type":"text"},{"caller":{"type":"direct"},"id":"toolu_01Bz9SVa1K5XFuALGxosvW17","input":{"q":"83*41/29"},"name":"calc","type":"tool_use"}],"diagnostics":null,"id":"msg_011Cffm2PxYQ45LGkkH8scjh","input_transformations":[],"model":"claude-opus-5-5","role":"assistant","stop_details":null,"stop_reason":"tool_use","stop_sequence":null,"type":"message","usage":{"cache_creation":{"ephemeral_1h_input_tokens":0,"ephemeral_5m_input_tokens":0},"cache_creation_input_tokens":0,"cache_read_input_tokens":0,"inference_geo":"global","input_tokens":435,"output_tokens":484,"output_tokens_details":{"thinking_tokens":231},"service_tier":"standard"}}'
---
when:
  path: /v1/messages
  method: POST
  query_param: []
  header:
  - name: accept
    value: '*/*'
  - name: content-type
    value: application/json
  - name: anthropic-version
    value: 2023-06-01
  body: '{"max_tokens":8000,"messages":[{"content":[{"text":"A train leaves at 3:17pm going 83 km/h; another leaves 41 minutes later going 112 km/h on the same track. Reason through when the second catches up, then call calc once to verify your final expression.","type":"text"}],"role":"user"},{"content":[{"signature":"CAQSzQcKEAgSGAI4AUIIdGhpbmtpbmcSDOvL98gctFnzkQcKmhoMd8k3hhbB+HUrhS3MIjDlSEB8cC6SfRRN+/AJk2gcSvEDUV0bEdBWAoZlFnuBtW1+WW2+8m6QLVig0VNiTVsq6gbkdldagPjEJ38dtDBzK88mVxcNd6PisMB8xvp2waituOnc0AqOgZo2/UaweskQuE+/yqbjsmiHFpw+cCmFgMT84weRnURv/Tib0YKFnvoBCXglMKshewfu+YRdvVSrs3Qhgc1wM4heXKeyGUI/ZE0h4xLk2spREwpWq4ph6r9BjJuqoh/l1LABjmazp+2BYbEMXA+1BgwttwARTxxlHeIS3KfT9GnvysW1vzjX7kS7UoYLQY3yLurg0b3knWPAWPZyooShwNzgZ6R4uncLeods/w53V8Yjg06+RwNglQrSYhQujXdhRkMydQ/ZeIsnOd4g48xwDP3YtW91GA+dpkqo843fVLExyIa6DJYZhWRZjJEJmD8U9dgMmSy9qXQY0wBCEBzM9hzU9Lt2l2G95Bl1i46PcUt5NL6rAd8fHp7EWqJ61XMFdZSbiZc1q9jUgpVOdKSqFktVbF1FtKwdTG3u7OrI1DNFqnm0QNWpP8ms6ahKwfHc4v1HicXYKc1pHBh8t5WC4gDm7RtR/DdRt9bvMgxbq5cL1bD1aQv9tI+cW6ZwdRXYXsQQygsVYTgqMiCgEuk1PeZqJse1vnhAJtjDGBOULsiXPcUzFI/b36uQir+uyN/vtKmZXSh8MQlZcBQrajrtDQ0JFanwFGxcB3om4fwf50cPTvqEAoGun77/1NAcAPtYT9ixSVmnYXoIwhcCQcj3V8tPcwj1eJNHfSwC9uDbCXRVN+DZMPAVRa/4g9d3SYfQb0EwoJXyCXnNz3P4f3V52MQgRx03M+jR2x+n72SdUHTh8HhLCglk7b5Tc1FKECltdDvomb3DCaKoLTPRwmTbGNUH2CnMIvrz18Nnj2w4oYN+UmqKpZbixwPE3zRAAAQ0eoVu6qH1MrlqIBpg8TXY2G+tWMQvFCNcqWQCJcCtV3679nG8Dh5hBbaZzzzIv96UXi+MYIQ+AWJkOhVrMmiQemH7CAAAe49TwILIUoWwzHBEmwJOWxwgzBdahqBGHbQ6rHzn6/cV+gGqAPe/2uMB3w+hZGa7eW/oKn+u85Xya86AUi+Gb5vc8RfmE+7yQECjXYScaWoPW6lNCylaD/BDO29BMJhe4OtSUCmhJxWSj26ruoKVzHFVFwGK2BffWM6AU8CWZglwBJgV3d5URcTEfpmGGeAJGAE=","thinking":"Converting the head start into a closing-speed calculation, I get about 117.34 minutes until the second train catches up. Since that train departs at 3:58pm, adding the time gives a catch-up moment of roughly 5:55:21pm.\n\n","type":"thinking"},{"text":"**Setting it up**\n\n1. **Head start:** The first train leaves at 3:17 pm and the second at 3:58 pm. In those 41 minutes the first train travels 83 × (41/60) ≈ 56.72 km.\n2. **Closing speed:** The second train goes 112 − 83 = 29 km/h faster, so it gains 29 km every hour.\n3. **Catch-up time:** It takes the head start divided by the closing speed: (83 × 41/60) ÷ 29 hours. In minutes, the 60s cancel, leaving **83 × 41 / 29**.\n\nChecking that expression:","type":"text"},{"caller":{"type":"direct"},"id":"toolu_01Bz9SVa1K5XFuALGxosvW17","input":{"q":"83*41/29"},"name":"calc","type":"tool_use"}],"role":"assistant"},{"content":[{"content":[{"text":"1.07","type":"text"}],"tool_use_id":"toolu_01Bz9SVa1K5XFuALGxosvW17","type":"tool_result"}],"role":"user"}],"model":"claude-opus-5-5","output_config":{"effort":"high"},"thinking":{"display":"summarized","type":"adaptive"},"tools":[{"description":"Evaluates an arithmetic expression.","input_schema":{"properties":{"q":{"type":"string"}},"required":["q"],"type":"object"},"name":"calc"},{"description":"Evaluates an arithmetic expression.","input_schema":{"properties":{"q":{"type":"string"}},"required":["q"],"type":"object"},"name":"plot"}]}'
then:
  status: 400
  header:
  - name: content-type
    value: application/json
  - name: request-id
    value: req_011Cffm2w54jpfDVGqm2MWkm
  body: '{"error":{"message":"messages.1.content.0: Invalid `signature` in `thinking` block. The block is bound to a different conversation. Remove the block, or set `thinking.block_binding.prefix_mismatch_behavior` to \"drop_block\". That setting requires the `thinking-binding-controls-2026-08-01` value in the `anthropic-beta` header. The `tools` list differs from the one this block was created with.","type":"invalid_request_error"},"request_id":"req_011Cffm2w54jpfDVGqm2MWkm","type":"error"}'
