when:
  path: /v1/messages
  method: POST
  query_param: []
  header:
  - name: accept
    value: '*/*'
  - name: content-type
    value: application/json
  - name: anthropic-version
    value: 2023-06-01
  - name: anthropic-beta
    value: thinking-binding-controls-2026-08-01
  body: '{"max_tokens":8000,"messages":[{"content":[{"text":"A train leaves at 3:17pm going 83 km/h; another leaves 41 minutes later going 112 km/h on the same track. Reason through when the second catches up, then call calc once to verify your final expression.","type":"text"}],"role":"user"}],"model":"claude-opus-5-5","output_config":{"effort":"high"},"system":[{"text":"You are a careful assistant. Show your work.","type":"text"}],"thinking":{"block_binding":{"prefix_mismatch_behavior":"drop_block"},"display":"summarized","type":"adaptive"},"tools":[{"description":"Evaluates an arithmetic expression.","input_schema":{"properties":{"q":{"type":"string"}},"required":["q"],"type":"object"},"name":"calc"}]}'
then:
  status: 200
  header:
  - name: content-type
    value: application/json
  - name: request-id
    value: req_011Cffm1fDYPhXGJEuQY7Z2x
  body: '{"container":null,"content":[{"signature":"CAQSsgcKEAgSGAI4AUIIdGhpbmtpbmcSDAOAxk/hXwQiYgFV4xoMUO5LqwOsQaK2sHhYIjB6WJVvMyjb9CzUf3dx3PUoKPyfvRmwN9cb+yUTM/as8YEjLKBmSK7wPxYwcEXl0+sqzwbVsUcxygQ/DFvac961vSu0VsagDEfpo3dmwM+0Eqe0tmMapMjRCeNOcjcn5slZVrplp1irRBFVsnFI2NhsLVQTIphlTwI2eU1RrbpH1TCWc5p9YpV9QUlw5C3kK2NWYRPxJsmI6EFZI5qd++hMrjFeopFCv0coIMfaqBRJIIumLH6Hxex5t8h0DMskZQhmjIVnyG4O18zo5OWErUbFGhtU6YGipKxbpb5jVE+Bt1paNyCwjXpOwZQvQW6B8wpv97ynRBLgNv/sxG8fB1vMJg014iDJ784P1RuZY6B4ULHYqIi3td5oa24EX0K/osd3iXL+8i0Gtk6hd8oGSxW6mogEVC4LUwXctxZ3x44UFtTCCavoWJiaQ32OhpP/4LDCWyuD5D+uBlSyIPG2o9MtKvVOpbb60PUdNsns44PSpfsvwMt3b3sHdQ+N5SxjnbWoVf00VrToHi2bk6Q883KL5MaosMXluPkq1VpoxFeio+lNTYZa8qvMzqN86onIZvIrORnJ0Xe4OZS1SE7ApvZgyWvZhN4S+1y9k5TdcLiyNdzFx77PX5VKsrpt1cXzZYWYT3+yDe+oZHxvkd7Y+WdOIySUXESnSxU9OuFL9m1xXV+zctOstYONTHV1oeW5cJpjB87Cf0WSbd8565fmV9LN43+SI5IbcfWUTxfAho11YNZSBsLGKGLITeBmQCKomPCOsRIHpR3LOEFX3OyYFkuB9buYGhpFKBBXuJ3XM+bNkiLDClyaMgSn8Qu9hnpSrAIXLe8se9+/jZmuR2dZaVz/PBnAyqgGw3QMKi6tzV+2EEDDL/Yd6/m1ryzQICae8lO+ptjWkmxoNrKu8LwzS+bPILB+qrzTFlX/t2RQv4LYFNaj35RQGAftudc+CO1KrlzWO2OvKbr/BHmUJ4l/AigKb1kawC+oBFFmZMXhEnajDYPwws/Wkb7jr2D9eo/gtDm8sqKQ/GraGo4V7664R8zYITGF5fdqNFvf6QyFEQ9AnXJAPrTdtWcvirIuFIFeo9CA94BoHJYc34sXY60Bud/F0ARlpV0ZDzfxmdqZ66QRvga+AroWOEiaavqF32dh9L+ueMI2QfmvWvaGIMLjPsnIKUWUP6tkVJ5N3fVID7nV6XthGAE=","thinking":"The first train gets a 41-minute head start at 83 km/h, giving it a distance lead that the second train closes at a relative speed of 29 km/h. Working through the math, it takes about 117.3 minutes after the second train departs at 3:58pm to catch up, landing at roughly 5:55pm.\n\n","type":"thinking"},{"text":"Let me work it out step by step.\n\n**Step 1: Head start of the first train**\nThe second train leaves 41 minutes later, at 3:17pm + 41 min = **3:58pm**.\nBy then the first train has gone 83 km/h × (41/60) h = 3403/60 ≈ 56.72 km.\n\n**Step 2: How fast the gap closes**\nBoth trains go the same way, so the second train gains 112 − 83 = **29 km/h** on the first.\n\n**Step 3: Time to catch up (after the second train leaves)**\nt = (83 × 41/60) ÷ 29 hours. In minutes, the 60s cancel:\nt = (83 × 41) / 29 minutes\n\nNow I''ll check that with the calculator:","type":"text"},{"caller":{"type":"direct"},"id":"toolu_016oVp8VZYWvw6puGm6G7F66","input":{"q":"83*41/29"},"name":"calc","type":"tool_use"}],"diagnostics":null,"id":"msg_011Cffm1fccMLz3CaqAyy5NW","input_transformations":[],"model":"claude-opus-5-5","role":"assistant","stop_details":null,"stop_reason":"tool_use","stop_sequence":null,"type":"message","usage":{"cache_creation":{"ephemeral_1h_input_tokens":0,"ephemeral_5m_input_tokens":0},"cache_creation_input_tokens":0,"cache_read_input_tokens":0,"inference_geo":"global","input_tokens":450,"output_tokens":488,"output_tokens_details":{"thinking_tokens":196},"service_tier":"standard"}}'
---
when:
  path: /v1/messages
  method: POST
  query_param: []
  header:
  - name: accept
    value: '*/*'
  - name: content-type
    value: application/json
  - name: anthropic-version
    value: 2023-06-01
  body: '{"max_tokens":8000,"messages":[{"content":[{"text":"A train leaves at 3:17pm going 83 km/h; another leaves 41 minutes later going 112 km/h on the same track. Reason through when the second catches up, then call calc once to verify your final expression.","type":"text"}],"role":"user"},{"content":[{"signature":"CAQSsgcKEAgSGAI4AUIIdGhpbmtpbmcSDAOAxk/hXwQiYgFV4xoMUO5LqwOsQaK2sHhYIjB6WJVvMyjb9CzUf3dx3PUoKPyfvRmwN9cb+yUTM/as8YEjLKBmSK7wPxYwcEXl0+sqzwbVsUcxygQ/DFvac961vSu0VsagDEfpo3dmwM+0Eqe0tmMapMjRCeNOcjcn5slZVrplp1irRBFVsnFI2NhsLVQTIphlTwI2eU1RrbpH1TCWc5p9YpV9QUlw5C3kK2NWYRPxJsmI6EFZI5qd++hMrjFeopFCv0coIMfaqBRJIIumLH6Hxex5t8h0DMskZQhmjIVnyG4O18zo5OWErUbFGhtU6YGipKxbpb5jVE+Bt1paNyCwjXpOwZQvQW6B8wpv97ynRBLgNv/sxG8fB1vMJg014iDJ784P1RuZY6B4ULHYqIi3td5oa24EX0K/osd3iXL+8i0Gtk6hd8oGSxW6mogEVC4LUwXctxZ3x44UFtTCCavoWJiaQ32OhpP/4LDCWyuD5D+uBlSyIPG2o9MtKvVOpbb60PUdNsns44PSpfsvwMt3b3sHdQ+N5SxjnbWoVf00VrToHi2bk6Q883KL5MaosMXluPkq1VpoxFeio+lNTYZa8qvMzqN86onIZvIrORnJ0Xe4OZS1SE7ApvZgyWvZhN4S+1y9k5TdcLiyNdzFx77PX5VKsrpt1cXzZYWYT3+yDe+oZHxvkd7Y+WdOIySUXESnSxU9OuFL9m1xXV+zctOstYONTHV1oeW5cJpjB87Cf0WSbd8565fmV9LN43+SI5IbcfWUTxfAho11YNZSBsLGKGLITeBmQCKomPCOsRIHpR3LOEFX3OyYFkuB9buYGhpFKBBXuJ3XM+bNkiLDClyaMgSn8Qu9hnpSrAIXLe8se9+/jZmuR2dZaVz/PBnAyqgGw3QMKi6tzV+2EEDDL/Yd6/m1ryzQICae8lO+ptjWkmxoNrKu8LwzS+bPILB+qrzTFlX/t2RQv4LYFNaj35RQGAftudc+CO1KrlzWO2OvKbr/BHmUJ4l/AigKb1kawC+oBFFmZMXhEnajDYPwws/Wkb7jr2D9eo/gtDm8sqKQ/GraGo4V7664R8zYITGF5fdqNFvf6QyFEQ9AnXJAPrTdtWcvirIuFIFeo9CA94BoHJYc34sXY60Bud/F0ARlpV0ZDzfxmdqZ66QRvga+AroWOEiaavqF32dh9L+ueMI2QfmvWvaGIMLjPsnIKUWUP6tkVJ5N3fVID7nV6XthGAE=","thinking":"The first train gets a 41-minute head start at 83 km/h, giving it a distance lead that the second train closes at a relative speed of 29 km/h. Working through the math, it takes about 117.3 minutes after the second train departs at 3:58pm to catch up, landing at roughly 5:55pm.\n\n","type":"thinking"},{"text":"Let me work it out step by step.\n\n**Step 1: Head start of the first train**\nThe second train leaves 41 minutes later, at 3:17pm + 41 min = **3:58pm**.\nBy then the first train has gone 83 km/h × (41/60) h = 3403/60 ≈ 56.72 km.\n\n**Step 2: How fast the gap closes**\nBoth trains go the same way, so the second train gains 112 − 83 = **29 km/h** on the first.\n\n**Step 3: Time to catch up (after the second train leaves)**\nt = (83 × 41/60) ÷ 29 hours. In minutes, the 60s cancel:\nt = (83 × 41) / 29 minutes\n\nNow I''ll check that with the calculator:","type":"text"},{"caller":{"type":"direct"},"id":"toolu_016oVp8VZYWvw6puGm6G7F66","input":{"q":"83*41/29"},"name":"calc","type":"tool_use"}],"role":"assistant"},{"content":[{"content":[{"text":"1.07","type":"text"}],"tool_use_id":"toolu_016oVp8VZYWvw6puGm6G7F66","type":"tool_result"}],"role":"user"}],"model":"claude-opus-5-5","output_config":{"effort":"high"},"system":[{"text":"You are a careful assistant. Answer in one line.","type":"text"}],"thinking":{"display":"summarized","type":"adaptive"},"tools":[{"description":"Evaluates an arithmetic expression.","input_schema":{"properties":{"q":{"type":"string"}},"required":["q"],"type":"object"},"name":"calc"}]}'
then:
  status: 400
  header:
  - name: content-type
    value: application/json
  - name: request-id
    value: req_011Cffm295awDD68uwa1wdCC
  body: '{"error":{"message":"messages.1.content.0: Invalid `signature` in `thinking` block. The block is bound to a different conversation. Remove the block, or set `thinking.block_binding.prefix_mismatch_behavior` to \"drop_block\". That setting requires the `thinking-binding-controls-2026-08-01` value in the `anthropic-beta` header. The `system` prompt differs from the one this block was created with.","type":"invalid_request_error"},"request_id":"req_011Cffm295awDD68uwa1wdCC","type":"error"}'
