when:
  path: /v1/messages
  method: POST
  query_param: []
  header:
  - name: accept
    value: '*/*'
  - name: content-type
    value: application/json
  - name: anthropic-version
    value: 2023-06-01
  - name: anthropic-beta
    value: thinking-binding-controls-2026-08-01
  body: '{"max_tokens":8000,"messages":[{"content":[{"text":"A train leaves at 3:17pm going 83 km/h; another leaves 41 minutes later going 112 km/h on the same track. Reason through when the second catches up, then call calc once to verify your final expression.","type":"text"}],"role":"user"}],"model":"claude-opus-5-5","output_config":{"effort":"high"},"system":[{"text":"You are a careful assistant. Show your work.","type":"text"}],"thinking":{"block_binding":{"prefix_mismatch_behavior":"drop_block"},"display":"summarized","type":"adaptive"},"tools":[{"description":"Evaluates an arithmetic expression.","eager_input_streaming":true,"input_schema":{"properties":{"q":{"type":"string"}},"required":["q"],"type":"object"},"name":"calc"}]}'
then:
  status: 200
  header:
  - name: content-type
    value: application/json
  - name: request-id
    value: req_011CfingCHGc5jtG763Vznm6
  body: '{"container":null,"content":[{"signature":"CAQSnwcKEAgSGAI4AUIIdGhpbmtpbmcSDG5z0GtlaLAN0ynWHRoM6+YL38f6pucbab0MIjD0GhXLc/SNcDhtDymlKG1wliROTm2x8JLx9jbLp7sr3R8DJqacg44Iwum6hSWBLk4qvAa3bWNlnTGgBMI0e01ONbu9ykH4nqW+YanuP3r6MgTgjniSfbvM4dsljAzh0cdXCvIu+NI80YvvvtfqylbBTCDY+9hVyPDTnVCd2PwEUMaERoEppCSBX+W7JvBj5HRiH2Fg8An5+8tF2L2+YrCr8PITMUKnVP4PWSjl/YTdXeGhJyxUIvCrFJh/ue82VW/Lls0lkdSTs/XxoycEK0Vbwmhr2JAX7FbnIpNB2o+PaDjzGpYo38AV7vj+y7I6NvCcDiURq7OUOi8JLS8K1pAA3HMKjgCj728hbSVsw/wLxhIoBZGB0yyaoLy0T4dcHPxS/pyocWwY+D1vJCS/cvMUcx4ks1GLy4bBC1cBGqLj7sPH+T7ODCMNR7IlVY5zWPzisogwsAHvboqbWCmV4ha+oj7zuroYyiN9AeKkuir5YUJwGLs6aVLby3lFFo4HMrorRLjQoOclEulkYuxRD9LNuPgDc1HJjMXKp1UeIov/Nbz/tmL6fkq18bZzBMxZQ1IDwt9/l5/NJJkqz5q3r4UShUrFllQ0IIqkHse0WqfOzGo1pgqfNT9SkIv/f9MYufwaoV47+f0RKDQK9IzwXiNF0Eyt5zOMc7M2PXhTuM+9cczKAtNbsxXef3ds8FJeMwXHUxfrt5z0dl1WIq9ONJJ699eRK84EiAuKopxPNj8jSgENGj8vBlVdNUuT7zoAX+WQs9kH0qJzVspCxUxh24hXpqKmPqVqZCAkx+neWVnousOkH+FvEXjR0Y6qpV0RmJiih2q7e6Gb+WaFhCGi6tQjLNavLhHqD6HtY3dneXlUhwgfz2pWH3EXJEbknEEj09PxJ9uDMQc5btGMw2OpHEyLrdQagFOLoAj9PnJsCaQ6zKpE9uqS8shw6yfHogTXUOpZUbNocbHz6Y6GzCh9fdWBItwN5E5MPfA/vt6cRAoDfwimXfym0gCJ52yRONJVROPsU91oL7jJHOBXULUS2AtWk6Bqj5WBuZ7EJK6i6z4F4BwzyFFaiJAwrUdQcZPONjTbn7JnrN3DP/iWvnwG4/F7OrkSEesiUirm+X/MKZjhytapadZVF2yCBRJ5XC4ZJ0cLdODsIM0RyBHGKvuffp8YAQ==","thinking":"With a head start distance of 83×41/60 km and a relative speed of 29 km/h, the catch-up time comes out to exactly 117 minutes. So starting from 3:58pm, the second one catches up at 5:55pm.\n\n","type":"thinking"},{"text":"**Setting it up**\n\n1. **Head start.** The first train leaves at 3:17 pm. The second leaves 41 minutes later, at 3:58 pm. By then the first train has covered:\n   83 km/h × (41/60) h = 3403/60 km ≈ 56.72 km\n\n2. **Closing speed.** Both trains go the same direction, so the second gains on the first at:\n   112 − 83 = 29 km/h\n\n3. **Time to catch up after 3:58 pm:**\n   t = (83 × 41/60) / 29 hours\n   To get minutes, multiply by 60. The 60s cancel:\n   t = (83 × 41) / 29 minutes = 3403/29 minutes ≈ 117.3 minutes\n\nChecking that expression:","type":"text"},{"caller":{"type":"direct"},"id":"toolu_01JGomSPbELpFFnwiahbngAX","input":{"q":"83*41/(112-83)"},"name":"calc","type":"tool_use"}],"diagnostics":null,"id":"msg_011CfingCiZAwhCEHZTouG3x","input_transformations":[],"model":"claude-opus-5-5","role":"assistant","stop_details":null,"stop_reason":"tool_use","stop_sequence":null,"type":"message","usage":{"cache_creation":{"ephemeral_1h_input_tokens":0,"ephemeral_5m_input_tokens":0},"cache_creation_input_tokens":0,"cache_read_input_tokens":0,"inference_geo":"global","input_tokens":450,"output_tokens":518,"output_tokens_details":{"thinking_tokens":212},"service_tier":"standard"}}'
---
when:
  path: /v1/messages
  method: POST
  query_param: []
  header:
  - name: accept
    value: '*/*'
  - name: content-type
    value: application/json
  - name: anthropic-version
    value: 2023-06-01
  - name: anthropic-beta
    value: thinking-binding-controls-2026-08-01
  body: '{"max_tokens":8000,"messages":[{"content":[{"text":"A train leaves at 3:17pm going 83 km/h; another leaves 41 minutes later going 112 km/h on the same track. Reason through when the second catches up, then call calc once to verify your final expression.","type":"text"}],"role":"user"},{"content":[{"signature":"CAQSnwcKEAgSGAI4AUIIdGhpbmtpbmcSDG5z0GtlaLAN0ynWHRoM6+YL38f6pucbab0MIjD0GhXLc/SNcDhtDymlKG1wliROTm2x8JLx9jbLp7sr3R8DJqacg44Iwum6hSWBLk4qvAa3bWNlnTGgBMI0e01ONbu9ykH4nqW+YanuP3r6MgTgjniSfbvM4dsljAzh0cdXCvIu+NI80YvvvtfqylbBTCDY+9hVyPDTnVCd2PwEUMaERoEppCSBX+W7JvBj5HRiH2Fg8An5+8tF2L2+YrCr8PITMUKnVP4PWSjl/YTdXeGhJyxUIvCrFJh/ue82VW/Lls0lkdSTs/XxoycEK0Vbwmhr2JAX7FbnIpNB2o+PaDjzGpYo38AV7vj+y7I6NvCcDiURq7OUOi8JLS8K1pAA3HMKjgCj728hbSVsw/wLxhIoBZGB0yyaoLy0T4dcHPxS/pyocWwY+D1vJCS/cvMUcx4ks1GLy4bBC1cBGqLj7sPH+T7ODCMNR7IlVY5zWPzisogwsAHvboqbWCmV4ha+oj7zuroYyiN9AeKkuir5YUJwGLs6aVLby3lFFo4HMrorRLjQoOclEulkYuxRD9LNuPgDc1HJjMXKp1UeIov/Nbz/tmL6fkq18bZzBMxZQ1IDwt9/l5/NJJkqz5q3r4UShUrFllQ0IIqkHse0WqfOzGo1pgqfNT9SkIv/f9MYufwaoV47+f0RKDQK9IzwXiNF0Eyt5zOMc7M2PXhTuM+9cczKAtNbsxXef3ds8FJeMwXHUxfrt5z0dl1WIq9ONJJ699eRK84EiAuKopxPNj8jSgENGj8vBlVdNUuT7zoAX+WQs9kH0qJzVspCxUxh24hXpqKmPqVqZCAkx+neWVnousOkH+FvEXjR0Y6qpV0RmJiih2q7e6Gb+WaFhCGi6tQjLNavLhHqD6HtY3dneXlUhwgfz2pWH3EXJEbknEEj09PxJ9uDMQc5btGMw2OpHEyLrdQagFOLoAj9PnJsCaQ6zKpE9uqS8shw6yfHogTXUOpZUbNocbHz6Y6GzCh9fdWBItwN5E5MPfA/vt6cRAoDfwimXfym0gCJ52yRONJVROPsU91oL7jJHOBXULUS2AtWk6Bqj5WBuZ7EJK6i6z4F4BwzyFFaiJAwrUdQcZPONjTbn7JnrN3DP/iWvnwG4/F7OrkSEesiUirm+X/MKZjhytapadZVF2yCBRJ5XC4ZJ0cLdODsIM0RyBHGKvuffp8YAQ==","thinking":"With a head start distance of 83×41/60 km and a relative speed of 29 km/h, the catch-up time comes out to exactly 117 minutes. So starting from 3:58pm, the second one catches up at 5:55pm.\n\n","type":"thinking"},{"text":"**Setting it up**\n\n1. **Head start.** The first train leaves at 3:17 pm. The second leaves 41 minutes later, at 3:58 pm. By then the first train has covered:\n   83 km/h × (41/60) h = 3403/60 km ≈ 56.72 km\n\n2. **Closing speed.** Both trains go the same direction, so the second gains on the first at:\n   112 − 83 = 29 km/h\n\n3. **Time to catch up after 3:58 pm:**\n   t = (83 × 41/60) / 29 hours\n   To get minutes, multiply by 60. The 60s cancel:\n   t = (83 × 41) / 29 minutes = 3403/29 minutes ≈ 117.3 minutes\n\nChecking that expression:","type":"text"},{"caller":{"type":"direct"},"id":"toolu_01JGomSPbELpFFnwiahbngAX","input":{"q":"83*41/(112-83)"},"name":"calc","type":"tool_use"}],"role":"assistant"},{"content":[{"content":[{"text":"1.07","type":"text"}],"tool_use_id":"toolu_01JGomSPbELpFFnwiahbngAX","type":"tool_result"}],"role":"user"}],"model":"claude-opus-5-5","output_config":{"effort":"high"},"system":[{"text":"You are a careful assistant. Answer in one line.","type":"text"}],"thinking":{"block_binding":{"prefix_mismatch_behavior":"drop_block"},"display":"summarized","type":"adaptive"},"tools":[{"description":"Evaluates an arithmetic expression.","eager_input_streaming":true,"input_schema":{"properties":{"q":{"type":"string"}},"required":["q"],"type":"object"},"name":"calc"}]}'
then:
  status: 200
  header:
  - name: content-type
    value: application/json
  - name: request-id
    value: req_011CfingfVNprVumE4B6XwAw
  body: '{"container":null,"content":[{"signature":"CAQS5QcKEAgSGAI4AUIIdGhpbmtpbmcSDK+qdaVudpHB16VUIhoMZeeQ44pKUFFyPllnIjBT78QjPPwEX5WEHMpFKb0S1Ez5kQWfiXKWZ4G4/aoSoIsMJk0UgN4k609LG+o1p4EqggfvPwCf7S8EQIgN8EPaHmcC4/YnzipC0BfAAhf0ldvLbeKIJ8+KxvfuGnATPKgiudQ6N5iKrXUusDqUU90XYkxj/9tdaYXqrsqbc0TLXLX2MZ/tY7wVDPB5dPldrQry9EnnzEgIQ0ogzy3zinACnaik2zGCkYbKl6Cj1B2dNc8KE+6lHTehPIwkntkdM/Ylix1P5SuE+Y0m6cmFNmm2SjWi6purVR9FNIkDtvDhYGfBlRGfedHCzf5Tg1r3KIRyGhud10uXoEtdt1YqUTQJx4puUMpjH4So9b6TIGerO0Ys7kaFaNvbtNA8BD4TYzTroiJBncsuUL7x4Bn+iLWCpzQq8tqeHLlD6KIyjYyL3cSgX7/qQjM4sPDl87oPoAHbNakv93eLSGZ54tybaMJqCawqsQ4jjGyRsgwLIvaatGlXuSQb2hRNCgJjYgayl3cdfjMV2/MSMMvhlu9IqDVhcw/4lHJIVCvDCU8XDtulg8pASnBRvTBWMGvqPts8aLfcYj/z4AIjGdboutHSR7QDO7MZXgbHuLVfXUg8Jo6g+gc954YO7X/Q1l0BxJRW/IklYYyJDXhfRknZmKMf1EnsWiI9unIVAqJUQ1/h/Bx3xodzF3yvuy3WGLplDysO3Lq+TBgCS4ay9NPh2R0WxsJ+lqg+MHPS4Ncp89kQgNgDBoa1O0is4y5wLVHN/unr/m+DubHKHI4wIl8z5tVYwKCIrCCRnTcbkXwhrjgO6bjCz3cL0h5rhXkmsQGvHjZ+2E2SWDzHgT87xmNyBS1VRdfstGiJM1qFblNMsMMeOMYeyT0K/yTXMh82czIg2h07H6yjMiFGUgv330WTs88YXO7ueZBkTLsK4LKrtqQb9Q/C4JHdtarh9b7Uby05bHiqiOFyayYlr6GdYi7muJVv0IFOtbjpRtpiOVJTX00NouUY2v8o3jL+qlVfiB7NcV2SM/H/8OdIHBh8Rnhz6RII9T0mt3cfEtCKZs3iTj5OUlyMD3P6UuKgDE48uoNZt9CHCd5oA3EWAvJW8+uCT5ScoKXoMlWaxJvi1iYPt83ECP24n4G6/KogL2HRgluEmHFqwHzZaDogJPUY2dJFbVCpg++qt33LuqYGInGISTS1LoKvBNi6vNgjetmG9fUssLcPRBWHxGYTFmoMnHHmajlrHaOrcqOyaA62EkehlZip1yNzfj+oyjolGAE=","thinking":"That calculator result of 1.07 doesn''t match my own math—83×41=3403, and 3403/29 should be about 117.34, not 1.07. Since I was only supposed to call the calculator once, I''ll flag this discrepancy and work it out manually instead: 29×117=3393, leaving a remainder of 10, which is about 20.7 seconds, so that''s 117 minutes 21 seconds after 3:58, landing at 5:55:21.\n\nDistance comes out to 112×117.345/60 ≈ 219.04 km, and I need to give a single-line answer.\n\n","type":"thinking"},{"text":"The second train catches up about 117.3 minutes after it leaves (83×41/29 = 3403/29 min), so at about 5:55 pm, roughly 219 km from the start. The calculator returned 1.07 for that expression, which is wrong; by hand, 3403 ÷ 29 = 117 remainder 10, or 117 min 21 s.","type":"text"}],"diagnostics":null,"id":"msg_011CfingfrTJ9rfMwoMxpM6E","input_transformations":[{"path":"messages.1.content.0","reason":"prefix_binding_mismatch","type":"thinking_dropped"}],"model":"claude-opus-5-5","role":"assistant","stop_details":null,"stop_reason":"end_turn","stop_sequence":null,"type":"message","usage":{"cache_creation":{"ephemeral_1h_input_tokens":0,"ephemeral_5m_input_tokens":0},"cache_creation_input_tokens":0,"cache_read_input_tokens":0,"inference_geo":"global","input_tokens":765,"output_tokens":311,"output_tokens_details":{"thinking_tokens":194},"service_tier":"standard"}}'
