when:
  path: /v1/messages
  method: POST
  query_param: []
  header:
  - name: accept
    value: '*/*'
  - name: content-type
    value: application/json
  - name: anthropic-version
    value: 2023-06-01
  - name: anthropic-beta
    value: thinking-binding-controls-2026-08-01
  body: '{"max_tokens":8000,"messages":[{"content":[{"text":"A train leaves at 3:17pm going 83 km/h; another leaves 41 minutes later going 112 km/h on the same track. Reason through when the second catches up, then call calc once to verify your final expression.","type":"text"}],"role":"user"}],"model":"claude-opus-5-5","output_config":{"effort":"high"},"thinking":{"block_binding":{"prefix_mismatch_behavior":"drop_block"},"display":"summarized","type":"adaptive"},"tools":[{"description":"Evaluates an arithmetic expression.","input_schema":{"properties":{"q":{"type":"string"}},"required":["q"],"type":"object"},"name":"calc"}]}'
then:
  status: 200
  header:
  - name: content-type
    value: application/json
  - name: request-id
    value: req_011CffYj79PPCcAXjjfgA4Kj
  body: '{"container":null,"content":[{"signature":"CAQS+QYKEAgSGAI4AUIIdGhpbmtpbmcSDKGlzgzrhiTatGoqdRoMkhFgj9PT8P1J70/pIjBh9qQy7mUtTjkz5ZMv3ASrRtCHQEhL3DfZGGsaDvVoZuYsMJ1osh/B/5V1abvbHQAqlgZCQh/UV6dZlvb6nThCrxHDa2RJu9F2lmga3IZp4yS/xa98TokmFWChEAqhsFweTpXAqKmnpHQmIEf4g9llzuEsGGSfLne8d9pf7BVfFks3KiEssOW+64Rg7DAaVEjajELm4nMvs+veebi4SmxKVUYMslFzwT7RnpAPEoeZMV4y7AXXaXWp4/RDpFOZCdMtrtkKNp6ot8VSRBAEM8y7Ld0URyFRcL1gubT+esuu3GjPHLEt7jO6G8SBq24tROh8k8c4Kb/4CRs4vpA7ZGaqvuxPdS6F8aPRKiwNe/GzrJ/xXfN7/3C9wiqgVA1F+ZKe/5cYO/NaTQmGoXP2eNEaJPD06v0XTVm7jZ19NNcftzsW/uyGxPVhmLrIdlA/LAn5tV3nzxlOJP8ZRy/H4IBpMv4a+r1P5usxK9UsvTRurbFULE4ulwrTLZ81sfCuE8rtTcRFt0IOicRgzRT/bR9Bbed2VzVqgUpj340iKBNmPLF3ufQIthbNQnmscnFTa85Bu0bmLOPOfI8Gho7neMAj/G/Cbq66kmyLCyk2UEYZCtor5/2dffWsR88hGsK4KcqO3YpeEoV+ln3D4Wu2LaryeU9w3EOIkVNyVpRyj6pMYtGqFuW/5c9Qywy4q9sbmgQCbr1UmmXDGwe8JnbHUWALUuNbkghJUbvy5a0c25wn0+R7E7YqV8ckeBoEx/jhdfU5iBnbObl7gFDpFyVagSq9mqWSZ+PTU+T088f/bqFrooUn+PkcE2FD6DpLEn6omc4RxW7GB89grOM8aB0/QzfkpP/Ph/42m1fcd+rzN7Ui2H3dKM5f4RKyBT2eJS65iGiFddsdOZRiTPT3IyzvbucPUuahf37+/dSHgMTWFq0fNmj79iKAOZ+E+UyJK2k1ePjwyw54dY5RpnOREGtuKIPkiFeKunH2ZY0KMHiDNtfN9zMWhqDqb1pCWvE39EC+tQy0m9iutjZaNO1hOCsT3koArSEhFCIhRkVHk19de9zyIfiqFkbuNs+Ab+/QnedtF6bZulOFX5g9lklKlvIfezZPDBd7ikH/aLDMGAE=","thinking":"Working out the catch-up time: the head start distance divided by the relative speed gives about 117.3 minutes. Adding that to 3:58pm lands the catch-up moment around 5:55pm.\n\n","type":"thinking"},{"text":"**Reasoning:**\n\n1. **Head start:** The first train leaves at 3:17pm. The second leaves 41 minutes later, at 3:58pm. In those 41 minutes (41/60 h) the first train covers 83 × 41/60 ≈ 56.7 km.\n2. **Closing speed:** Both trains go the same way on the same track, so the second gains on the first at 112 − 83 = 29 km/h.\n3. **Time to catch up after the second train leaves:** t = (83 × 41/60) / 29 hours. In minutes that is t = (83 × 41) / 29.\n\nChecking that expression:","type":"text"},{"caller":{"type":"direct"},"id":"toolu_01KCtSwZ4qcxijhBW3CmzqdP","input":{"q":"83*41/29"},"name":"calc","type":"tool_use"}],"diagnostics":null,"id":"msg_011CffYj7XTcsQqWGZivhkpo","input_transformations":[],"model":"claude-opus-5-5","role":"assistant","stop_details":null,"stop_reason":"tool_use","stop_sequence":null,"type":"message","usage":{"cache_creation":{"ephemeral_1h_input_tokens":0,"ephemeral_5m_input_tokens":0},"cache_creation_input_tokens":0,"cache_read_input_tokens":0,"inference_geo":"global","input_tokens":435,"output_tokens":432,"output_tokens_details":{"thinking_tokens":177},"service_tier":"standard"}}'
---
when:
  path: /v1/messages
  method: POST
  query_param: []
  header:
  - name: accept
    value: '*/*'
  - name: content-type
    value: application/json
  - name: anthropic-version
    value: 2023-06-01
  body: '{"max_tokens":8000,"messages":[{"content":"A train leaves at 3:17pm going 83 km/h; another leaves 41 minutes later going 112 km/h on the same track. Reason through when the second catches up, then call calc once to verify your final expression.","role":"user"},{"content":[{"signature":"CAQS+QYKEAgSGAI4AUIIdGhpbmtpbmcSDKGlzgzrhiTatGoqdRoMkhFgj9PT8P1J70/pIjBh9qQy7mUtTjkz5ZMv3ASrRtCHQEhL3DfZGGsaDvVoZuYsMJ1osh/B/5V1abvbHQAqlgZCQh/UV6dZlvb6nThCrxHDa2RJu9F2lmga3IZp4yS/xa98TokmFWChEAqhsFweTpXAqKmnpHQmIEf4g9llzuEsGGSfLne8d9pf7BVfFks3KiEssOW+64Rg7DAaVEjajELm4nMvs+veebi4SmxKVUYMslFzwT7RnpAPEoeZMV4y7AXXaXWp4/RDpFOZCdMtrtkKNp6ot8VSRBAEM8y7Ld0URyFRcL1gubT+esuu3GjPHLEt7jO6G8SBq24tROh8k8c4Kb/4CRs4vpA7ZGaqvuxPdS6F8aPRKiwNe/GzrJ/xXfN7/3C9wiqgVA1F+ZKe/5cYO/NaTQmGoXP2eNEaJPD06v0XTVm7jZ19NNcftzsW/uyGxPVhmLrIdlA/LAn5tV3nzxlOJP8ZRy/H4IBpMv4a+r1P5usxK9UsvTRurbFULE4ulwrTLZ81sfCuE8rtTcRFt0IOicRgzRT/bR9Bbed2VzVqgUpj340iKBNmPLF3ufQIthbNQnmscnFTa85Bu0bmLOPOfI8Gho7neMAj/G/Cbq66kmyLCyk2UEYZCtor5/2dffWsR88hGsK4KcqO3YpeEoV+ln3D4Wu2LaryeU9w3EOIkVNyVpRyj6pMYtGqFuW/5c9Qywy4q9sbmgQCbr1UmmXDGwe8JnbHUWALUuNbkghJUbvy5a0c25wn0+R7E7YqV8ckeBoEx/jhdfU5iBnbObl7gFDpFyVagSq9mqWSZ+PTU+T088f/bqFrooUn+PkcE2FD6DpLEn6omc4RxW7GB89grOM8aB0/QzfkpP/Ph/42m1fcd+rzN7Ui2H3dKM5f4RKyBT2eJS65iGiFddsdOZRiTPT3IyzvbucPUuahf37+/dSHgMTWFq0fNmj79iKAOZ+E+UyJK2k1ePjwyw54dY5RpnOREGtuKIPkiFeKunH2ZY0KMHiDNtfN9zMWhqDqb1pCWvE39EC+tQy0m9iutjZaNO1hOCsT3koArSEhFCIhRkVHk19de9zyIfiqFkbuNs+Ab+/QnedtF6bZulOFX5g9lklKlvIfezZPDBd7ikH/aLDMGAE=","thinking":"Working out the catch-up time: the head start distance divided by the relative speed gives about 117.3 minutes. Adding that to 3:58pm lands the catch-up moment around 5:55pm.\n\n","type":"thinking"},{"text":"**Reasoning:**\n\n1. **Head start:** The first train leaves at 3:17pm. The second leaves 41 minutes later, at 3:58pm. In those 41 minutes (41/60 h) the first train covers 83 × 41/60 ≈ 56.7 km.\n2. **Closing speed:** Both trains go the same way on the same track, so the second gains on the first at 112 − 83 = 29 km/h.\n3. **Time to catch up after the second train leaves:** t = (83 × 41/60) / 29 hours. In minutes that is t = (83 × 41) / 29.\n\nChecking that expression:","type":"text"},{"caller":{"type":"direct"},"id":"toolu_01KCtSwZ4qcxijhBW3CmzqdP","input":{"q":"83*41/29"},"name":"calc","type":"tool_use"}],"role":"assistant"},{"content":[{"content":"1.07","tool_use_id":"toolu_01KCtSwZ4qcxijhBW3CmzqdP","type":"tool_result"}],"role":"user"}],"model":"claude-opus-5-5","output_config":{"effort":"high"},"thinking":{"display":"summarized","type":"adaptive"},"tools":[{"description":"Evaluates an arithmetic expression.","input_schema":{"properties":{"q":{"type":"string"}},"required":["q"],"type":"object"},"name":"calc"},{"description":"Evaluates an arithmetic expression.","input_schema":{"properties":{"q":{"type":"string"}},"required":["q"],"type":"object"},"name":"plot"}]}'
then:
  status: 400
  header:
  - name: content-type
    value: application/json
  - name: request-id
    value: req_011CffYjaUh4Zu4e1hYE282x
  body: '{"error":{"message":"messages.1.content.0: Invalid `signature` in `thinking` block. The block is bound to a different conversation. Remove the block, or set `thinking.block_binding.prefix_mismatch_behavior` to \"drop_block\". That setting requires the `thinking-binding-controls-2026-08-01` value in the `anthropic-beta` header. The `tools` list differs from the one this block was created with.","type":"invalid_request_error"},"request_id":"req_011CffYjaUh4Zu4e1hYE282x","type":"error"}'
