when:
  path: /v1/messages
  method: POST
  query_param: []
  header:
  - name: accept
    value: '*/*'
  - name: content-type
    value: application/json
  - name: anthropic-version
    value: 2023-06-01
  - name: anthropic-beta
    value: thinking-binding-controls-2026-08-01
  body: '{"max_tokens":8000,"messages":[{"content":[{"text":"A train leaves at 3:17pm going 83 km/h; another leaves 41 minutes later going 112 km/h on the same track. Reason through when the second catches up, then call calc once to verify your final expression.","type":"text"}],"role":"user"}],"model":"claude-opus-5-5","output_config":{"effort":"high"},"system":[{"text":"You are a careful assistant. Show your work.","type":"text"}],"thinking":{"block_binding":{"prefix_mismatch_behavior":"drop_block"},"display":"summarized","type":"adaptive"},"tools":[{"description":"Evaluates an arithmetic expression.","input_schema":{"properties":{"q":{"type":"string"}},"required":["q"],"type":"object"},"name":"calc"}]}'
then:
  status: 200
  header:
  - name: content-type
    value: application/json
  - name: request-id
    value: req_011Cffkzbm9nSs8VgQASrXFQ
  body: '{"container":null,"content":[{"signature":"CAQShwcKEAgSGAI4AUIIdGhpbmtpbmcSDMeq2XBXg4GlTPfmrRoMRjDCjhuIeQhCDTAmIjDOXZ+uxszOd4qUUkaOZS3iFr4Er+J7Ds9uhsDfFRyvhzAOapgA0RvGDiSreQs9cZYqpAarHud2/MVRYZA8VOPH3XvE/GwErt+nXniJ5YhUgQQs3X8ThZqyKySpkI87Tc4amelt8NkVC8/NW8vVgsd7tR4sstgSJaVTsZmFZKcxNXXOPhTRv52nv9dDNjStAhYx18ON/rjtrKbC0kUCBtBKJ745VKLz/fzfB9RCYYiHa//Y6x36ZODQ/5VK9HyMgNUJKcQR1dUF+43OfklG5FNux2bnQkRyUeZ7P/MOmn65pJLsU733C74B16RIk1XyQhu6JGzeiTIEa9s9Mrr7NjPEhm9wAkJ4D4cZ0xHXEu/Zd1arJe2G9HcQ0ETLvZHvAJp2V5UGMFF3YVP0d0ADNXoDEPMntGFKqjWxsNJySKhh+k+lCy02SfEebawkQ4aIIMYnO37EZoFrTaA67eEcffFDWvenRRDSd2t69ADWmDMdTMmk00LLDGOcN2X6YKRFLhtx2xNpXsgSiPkH+j92l+f8Kx+DAIDkkQeJHbO2/q3F1QJ2G9mLlehVMxrTdtKRDlXp90nsXi1SofmxQJGYPG8Mqj4aLSmIOfQFynRiwZPla08J1l//LmMDsyHLBJ4XPcF3WfV/m1LGteZ3pW6dMlOwXCAYHCmmsX0K2FbTr3SgSoIxMGkX5L1ereBIiJWSov30yfnHDLzgUzgQu0hqVNwkdprgyOiB2Hn/iQhfdM0sZESTi1FqWkOMuBlrT53XxDWLs6B1F0iMv+P1RgS30dMmm6/PukZh5FhjMDOzuJaSIUgU2JaPLVlDxYcuEvnZkyjPmHLzo8qcPUuuLlUGzN4DL9e+DnYJcpvRmFPzP5hx2puG+yyxFCIDJGUalD7CTUn4OJLHBotZmnI6YP+mrDf8dc4sunx5/IfwTb+jlniuRr2UgFrKjOREzyX61pECuplf/wbqNfeMm22ZGTI9IYtnphWdgcRFxXLMGQJlxD9SRfDaPc6ykujL6QRIprT6n0riuiYqZGvAEb8O8DQMaAq3qRW7skwTCqvRpwp2Qocl/GDcwfTD+pUIFUcRnqpDTAH5SIMCpIuF0LKf1272TwK1sI8ZZwLq6CcphdWpLnEQ8kfYgEASkv0YAQ==","thinking":"Computing the head start distance, then dividing by relative speed to get about 117.35 minutes after the second departure—so catch-up happens around 5:55pm, roughly 117 minutes past 3:58pm.\n\n","type":"thinking"},{"text":"**Setting up the problem**\n\n1. **The first train''s head start.** The second train leaves 41 minutes after 3:17pm, which is 3:58pm. By then the first train has traveled for 41 minutes at 83 km/h:\n   head start = 83 × (41/60) km ≈ 56.72 km\n\n2. **How fast the gap closes.** Both trains go the same way on the same track, so the second train gains on the first at the difference in their speeds:\n   112 − 83 = 29 km/h\n\n3. **Time to catch up after the second train leaves.**\n   t = head start ÷ closing speed = (83 × 41/60) / 29 hours\n   To get minutes, multiply by 60: t = (83 × 41) / 29 minutes\n\nNow I''ll check that last expression:","type":"text"},{"caller":{"type":"direct"},"id":"toolu_01D1cikTZd7R6qtKssxy9XG2","input":{"q":"83*41/29"},"name":"calc","type":"tool_use"}],"diagnostics":null,"id":"msg_011Cffkzc7F4vfwUcXQBriam","input_transformations":[],"model":"claude-opus-5-5","role":"assistant","stop_details":null,"stop_reason":"tool_use","stop_sequence":null,"type":"message","usage":{"cache_creation":{"ephemeral_1h_input_tokens":0,"ephemeral_5m_input_tokens":0},"cache_creation_input_tokens":0,"cache_read_input_tokens":0,"inference_geo":"global","input_tokens":450,"output_tokens":492,"output_tokens_details":{"thinking_tokens":189},"service_tier":"standard"}}'
---
when:
  path: /v1/messages
  method: POST
  query_param: []
  header:
  - name: accept
    value: '*/*'
  - name: content-type
    value: application/json
  - name: anthropic-version
    value: 2023-06-01
  - name: anthropic-beta
    value: thinking-binding-controls-2026-08-01
  body: '{"max_tokens":8000,"messages":[{"content":[{"text":"A train leaves at 3:17pm going 83 km/h; another leaves 41 minutes later going 112 km/h on the same track. Reason through when the second catches up, then call calc once to verify your final expression.","type":"text"}],"role":"user"},{"content":[{"signature":"CAQShwcKEAgSGAI4AUIIdGhpbmtpbmcSDMeq2XBXg4GlTPfmrRoMRjDCjhuIeQhCDTAmIjDOXZ+uxszOd4qUUkaOZS3iFr4Er+J7Ds9uhsDfFRyvhzAOapgA0RvGDiSreQs9cZYqpAarHud2/MVRYZA8VOPH3XvE/GwErt+nXniJ5YhUgQQs3X8ThZqyKySpkI87Tc4amelt8NkVC8/NW8vVgsd7tR4sstgSJaVTsZmFZKcxNXXOPhTRv52nv9dDNjStAhYx18ON/rjtrKbC0kUCBtBKJ745VKLz/fzfB9RCYYiHa//Y6x36ZODQ/5VK9HyMgNUJKcQR1dUF+43OfklG5FNux2bnQkRyUeZ7P/MOmn65pJLsU733C74B16RIk1XyQhu6JGzeiTIEa9s9Mrr7NjPEhm9wAkJ4D4cZ0xHXEu/Zd1arJe2G9HcQ0ETLvZHvAJp2V5UGMFF3YVP0d0ADNXoDEPMntGFKqjWxsNJySKhh+k+lCy02SfEebawkQ4aIIMYnO37EZoFrTaA67eEcffFDWvenRRDSd2t69ADWmDMdTMmk00LLDGOcN2X6YKRFLhtx2xNpXsgSiPkH+j92l+f8Kx+DAIDkkQeJHbO2/q3F1QJ2G9mLlehVMxrTdtKRDlXp90nsXi1SofmxQJGYPG8Mqj4aLSmIOfQFynRiwZPla08J1l//LmMDsyHLBJ4XPcF3WfV/m1LGteZ3pW6dMlOwXCAYHCmmsX0K2FbTr3SgSoIxMGkX5L1ereBIiJWSov30yfnHDLzgUzgQu0hqVNwkdprgyOiB2Hn/iQhfdM0sZESTi1FqWkOMuBlrT53XxDWLs6B1F0iMv+P1RgS30dMmm6/PukZh5FhjMDOzuJaSIUgU2JaPLVlDxYcuEvnZkyjPmHLzo8qcPUuuLlUGzN4DL9e+DnYJcpvRmFPzP5hx2puG+yyxFCIDJGUalD7CTUn4OJLHBotZmnI6YP+mrDf8dc4sunx5/IfwTb+jlniuRr2UgFrKjOREzyX61pECuplf/wbqNfeMm22ZGTI9IYtnphWdgcRFxXLMGQJlxD9SRfDaPc6ykujL6QRIprT6n0riuiYqZGvAEb8O8DQMaAq3qRW7skwTCqvRpwp2Qocl/GDcwfTD+pUIFUcRnqpDTAH5SIMCpIuF0LKf1272TwK1sI8ZZwLq6CcphdWpLnEQ8kfYgEASkv0YAQ==","thinking":"Computing the head start distance, then dividing by relative speed to get about 117.35 minutes after the second departure—so catch-up happens around 5:55pm, roughly 117 minutes past 3:58pm.\n\n","type":"thinking"},{"text":"**Setting up the problem**\n\n1. **The first train''s head start.** The second train leaves 41 minutes after 3:17pm, which is 3:58pm. By then the first train has traveled for 41 minutes at 83 km/h:\n   head start = 83 × (41/60) km ≈ 56.72 km\n\n2. **How fast the gap closes.** Both trains go the same way on the same track, so the second train gains on the first at the difference in their speeds:\n   112 − 83 = 29 km/h\n\n3. **Time to catch up after the second train leaves.**\n   t = head start ÷ closing speed = (83 × 41/60) / 29 hours\n   To get minutes, multiply by 60: t = (83 × 41) / 29 minutes\n\nNow I''ll check that last expression:","type":"text"},{"caller":{"type":"direct"},"id":"toolu_01D1cikTZd7R6qtKssxy9XG2","input":{"q":"83*41/29"},"name":"calc","type":"tool_use"}],"role":"assistant"},{"content":[{"content":[{"text":"1.07","type":"text"}],"tool_use_id":"toolu_01D1cikTZd7R6qtKssxy9XG2","type":"tool_result"}],"role":"user"}],"model":"claude-opus-5-5","output_config":{"effort":"high"},"system":[{"text":"You are a careful assistant. Answer in one line.","type":"text"}],"thinking":{"block_binding":{"prefix_mismatch_behavior":"drop_block"},"display":"summarized","type":"adaptive"},"tools":[{"description":"Evaluates an arithmetic expression.","input_schema":{"properties":{"q":{"type":"string"}},"required":["q"],"type":"object"},"name":"calc"}]}'
then:
  status: 200
  header:
  - name: content-type
    value: application/json
  - name: request-id
    value: req_011Cffm14TzoddMRrZ2m7GFG
  body: '{"container":null,"content":[{"signature":"CAQSmQgKEAgSGAI4AUIIdGhpbmtpbmcSDJpLO4hWCu/os9oM3BoMfx+AnIi5NJhR66M7IjCqZkhRHESmHlmhDmsbw4nszwYhYrgjtBT/bwrpNAh3GXqk0lbfk3CH09m2/3TopuwqtgfYY1KRymDqZfKMjC+j1vX8XKlc+T0ZrXNtunln8El/Y8iNFUOoIVgjS3FI4dKZFWIRxWi6gtlOu/XAxQxzyhL/cqX20ifh422Nw7i7A4FzXLfFIKwlYNhpj4WAq85XLLhpDGejwk9NUel4Fp4gvyQZnRtjGR2MPCB5x7QSgtG38hW8ViSbR091e7ZHVVk4MBE9Eq6HW0587aXDmXZJsGL+s4u3KbHnXU6qBWY5AaG6ob0fRFDoDwHvxJRRdhElF68gzVjy4X+/T1ipDfn6VURdkL3QymvcOJJY0h4jNMmpGPLSlw/W/fPq4/hHE507UV7inqbpKaMGoxSuItf1/vYRvNs+t0989OCZzb5FeMm93in43RLq0KcYzW5qPue8JRpIb3Yr1c/jF2XHaHKtChwrrAujCQA4xhitpaHbN2ZuBh6zp1N8UuAQeMxDL+24XNTfGP5DHVmx5nO+tbppm2UQJIsT5uJIcBzlYAj6Hp4izMWrT3hpUeEp17TCu6aoR2VhGUBtPPuF+El7qCkLd/Ea7JsNLEVxSJQzftxNZNqMfxh8I5yTzVdjB0hcHCtybe8wn63rWJYBjCzl+D84e3olA4/rjKjHqFQYhxUoKVvzuPcuY30BlejsjHHlSaV5v6Q2Rc0FDNzakEHjM5bhFj9z2InFa+Zs/tRnh13VmpusJeohWuuYt16Z8gvqFXe7w81pCuuPNcTvjjPsgT6Lym0DN2/sRBHIgDSbYsiGLtuJjMlJ3ytuN4kJf81HKdpUgKrUSl/UeB/wAojPJNowbn8GnNgtttH2jQRxxaIUXd6lhR5flcfnpasPkqGvRZVGrvj32daxsDHAj47oX2sZ3jYqA6qF0ExwZQ8tjbAeKybBR42FR0UUufwGTnKGIkb8VoTLvkLwQL3m9ZVTqplvXSkF8rEyIX35nsgjtQtqFo7EKUoxE25XYsAusBRm4nsPIHxpp4CRYVrJ04XK7iekyhFN098X9ESSP+Vq2YnA9B/8kc7E0136PE6uMT3znyn2qDCMBgt2O0U9WKwylUSmd7dMPqTpbKZZYhBUZe3y7mY6luiolDZXqrfLpB4qNN+HZpvUxaeKPGJc0cOtAK9FpoFQc0sIgk4yEL7GROvyRwk8zxRZQAMHc+buTDGK3Ty0xVQwRlRgIkMOq/v8h+U/e0sqwG7ZtrVtTHXbhVrwI5BdYwpy0nN6G2PhgF87KjmR4qog7MJR81FQ3DuYScLe4G9IOrDAYDfelxfK9GXgsDrYlAp4ODoUfxgB","thinking":"That calc result of 1.07 looks wrong — 83*41=3403, divided by 29 should be 117.34, not 1.07. Let me recompute by hand: 29*117=3393, remainder 10, so 10/29≈0.345 min, about 20.7 seconds. That means 117.34 minutes after 3:58pm lands around 5:55:21pm.\n\nFor distance: 112 * 117.345/60 ≈ 219.04 km from the start. I''ll give a one-line answer noting the tool''s 1.07 result doesn''t match my hand calculation.\n\n","type":"thinking"},{"text":"The second train catches the first at about **5:55:21pm**: 3,403/29 ≈ 117.34 minutes after it leaves at 3:58pm. I worked this out by hand because the verification failed: calc returned 1.07 for 83×41/29, which is wrong (83×41 = 3,403 and 3,403/29 ≈ 117.34).","type":"text"}],"diagnostics":null,"id":"msg_011Cffm14rKp7Dye86iFoMtx","input_transformations":[{"path":"messages.1.content.0","reason":"prefix_binding_mismatch","type":"thinking_dropped"}],"model":"claude-opus-5-5","role":"assistant","stop_details":null,"stop_reason":"end_turn","stop_sequence":null,"type":"message","usage":{"cache_creation":{"ephemeral_1h_input_tokens":0,"ephemeral_5m_input_tokens":0},"cache_creation_input_tokens":0,"cache_read_input_tokens":0,"inference_geo":"global","input_tokens":763,"output_tokens":337,"output_tokens_details":{"thinking_tokens":219},"service_tier":"standard"}}'
