when:
  path: /v1/messages
  method: POST
  query_param: []
  header:
  - name: accept
    value: '*/*'
  - name: content-type
    value: application/json
  - name: anthropic-version
    value: 2023-06-01
  - name: anthropic-beta
    value: thinking-binding-controls-2026-08-01
  body: '{"max_tokens":8000,"messages":[{"content":[{"text":"A train leaves at 3:17pm going 83 km/h; another leaves 41 minutes later going 112 km/h on the same track. Reason through when the second catches up, then call calc once to verify your final expression.","type":"text"}],"role":"user"}],"model":"claude-opus-5-5","output_config":{"effort":"high"},"thinking":{"block_binding":{"prefix_mismatch_behavior":"drop_block"},"display":"summarized","type":"adaptive"},"tools":[{"description":"Evaluates an arithmetic expression.","input_schema":{"properties":{"q":{"type":"string"}},"required":["q"],"type":"object"},"name":"calc"}]}'
then:
  status: 200
  header:
  - name: content-type
    value: application/json
  - name: request-id
    value: req_011CffYhv18qF63kG1DHHmSh
  body: '{"container":null,"content":[{"signature":"CAQSrwcKEAgSGAI4AUIIdGhpbmtpbmcSDL9SMJjCg2kqKTM3lhoMY/M9qdramrtCo771IjDcPOo4iZwuk+v5TW5lA6TqdcpQiN0MHnqvdbgYIvXaijGVHUPkBSXsyHZgVplGaSIqzAZR0k+luKy3ksZpcdjZTMSxNYZTsRUbwOycNs6Q0pGbSx+9S1OKT2szxl7ndaQUPijTpyLPAyY7cNvTmGCWR12Kiiw7qUxtoOxfn6EbxxqVCflc7hoAsil6+MZhpqdlqucBonHjhC7V+NWtkGUtkYABsagV8fBnYals8f4ypV12HWzUrP/fLEh14HXgEse5/OP/G5jHGYR1/aP9YfGLBIUrtnazDNUGpPLbCim0hKgdWOjs9oeIfRCc2Q+Wvlgkj+8/WQR/ptyfUXaMN0P1usfepTrWAlNxFQZOuSMzGqHTuH+WB1IjiN6y3mwLns8RAsj6AnGnErPcMM0FCIKSqj7FMCQknMakENhEdQ846WlhpIpcKpffubUuE92ik2agoNG95VuXj5hhkzfyLVmbGY8UYhNTJzp28jQUj05tIH8NcwVmnzTpJVFjvwIXbdxdlK3sh1RUpnOFrnj25Fl/FtwjnbkCLvgCa/hg0tM6aRgFUYygI2ZQzG+b3pBFabEdNrFLPVlrcd7d7FLMkEaXfwDukeZF30y9bbOqslq65dEQFiF/yTMpRic6T/WXuKP0WBbYN7HNl+WQSFHen+RvMa0g9Vuq3K7KxSXNLY22lGq76Szv78bym9vBPqa4SVHwDJ4ZmE2pCUQ61DMBS/tz0r1mP6sEz2XlZXEOjR0REhJgxL9eBAEGSCNJkFJIwvNw2xX31w1pfwEZmTUj8L/JR/z/oADJqR7Y2tNcseD4tech4SwaTslGlggpFJcH5YeEf/V8CKV/qejtX2VvlYBkkASImxdvBTiZcxtgqi/79jjjIvHaJ4xaGt6mlumC7ApQIgwhe8sk3SWT10/1RtTwuKW6tZuX0RGyv7wY2D9nQwteXnornPK933CxC5Wz+xPlyTndTtA+c1nXoE5y9AV0o15cXhBpDOLgMgtkKlmNxyND6q6Rd1Cy2dstQ/+zKy5gtSC6cL/gDt6ES9P1lMeM9Y5mr/PlsTGLeaqT51v+ejL4cy4T9bKM19wNbmflBdk5neDnEd4d/wTPkXj0eq4zjmMPPbF2f7WDJHRwJt/3T+1rTwpXmjlH1PuA95BOakbHqfZZZ3V+5s5ELn1G+OGDCVFKXhLxLmuzDsveCKMxGAE=","thinking":"With a head start of 83×41/60 km and closing speed 29 km/h, catching up takes about 1.9557 hours, roughly 117 minutes. Since the second train leaves at 3:58pm, adding that time puts the catch-up moment at about 5:55pm.\n\n","type":"thinking"},{"text":"**Setting up the problem**\n\n- The first train leaves at 3:17 pm. The second leaves 41 minutes later, at 3:58 pm.\n- By 3:58 pm, the first train has gone 83 km/h × 41/60 h = 3403/60 ≈ 56.72 km.\n- The second train is 112 − 83 = 29 km/h faster, so it closes that gap at 29 km/h.\n\n**Time to catch up (after 3:58 pm)**\n\nt = (83 × 41/60) / 29 hours. To get minutes, multiply by 60, which cancels the 60: t = 83 × 41 / 29 minutes.\n\nChecking with calc:","type":"text"},{"caller":{"type":"direct"},"id":"toolu_01MRGbBuuu8mNrNbCVrqrqQN","input":{"q":"83*41/29"},"name":"calc","type":"tool_use"}],"diagnostics":null,"id":"msg_011CffYhvQCL2t1nEG4QzMvr","input_transformations":[],"model":"claude-opus-5-5","role":"assistant","stop_details":null,"stop_reason":"tool_use","stop_sequence":null,"type":"message","usage":{"cache_creation":{"ephemeral_1h_input_tokens":0,"ephemeral_5m_input_tokens":0},"cache_creation_input_tokens":0,"cache_read_input_tokens":0,"inference_geo":"global","input_tokens":435,"output_tokens":486,"output_tokens_details":{"thinking_tokens":217},"service_tier":"standard"}}'
---
when:
  path: /v1/messages
  method: POST
  query_param: []
  header:
  - name: accept
    value: '*/*'
  - name: content-type
    value: application/json
  - name: anthropic-version
    value: 2023-06-01
  - name: anthropic-beta
    value: thinking-binding-controls-2026-08-01
  body: '{"max_tokens":8000,"messages":[{"content":[{"text":"A train leaves at 3:17pm going 83 km/h; another leaves 41 minutes later going 112 km/h on the same track. Reason through when the second catches up, then call calc once to verify your final expression.","type":"text"}],"role":"user"},{"content":[{"signature":"CAQSrwcKEAgSGAI4AUIIdGhpbmtpbmcSDL9SMJjCg2kqKTM3lhoMY/M9qdramrtCo771IjDcPOo4iZwuk+v5TW5lA6TqdcpQiN0MHnqvdbgYIvXaijGVHUPkBSXsyHZgVplGaSIqzAZR0k+luKy3ksZpcdjZTMSxNYZTsRUbwOycNs6Q0pGbSx+9S1OKT2szxl7ndaQUPijTpyLPAyY7cNvTmGCWR12Kiiw7qUxtoOxfn6EbxxqVCflc7hoAsil6+MZhpqdlqucBonHjhC7V+NWtkGUtkYABsagV8fBnYals8f4ypV12HWzUrP/fLEh14HXgEse5/OP/G5jHGYR1/aP9YfGLBIUrtnazDNUGpPLbCim0hKgdWOjs9oeIfRCc2Q+Wvlgkj+8/WQR/ptyfUXaMN0P1usfepTrWAlNxFQZOuSMzGqHTuH+WB1IjiN6y3mwLns8RAsj6AnGnErPcMM0FCIKSqj7FMCQknMakENhEdQ846WlhpIpcKpffubUuE92ik2agoNG95VuXj5hhkzfyLVmbGY8UYhNTJzp28jQUj05tIH8NcwVmnzTpJVFjvwIXbdxdlK3sh1RUpnOFrnj25Fl/FtwjnbkCLvgCa/hg0tM6aRgFUYygI2ZQzG+b3pBFabEdNrFLPVlrcd7d7FLMkEaXfwDukeZF30y9bbOqslq65dEQFiF/yTMpRic6T/WXuKP0WBbYN7HNl+WQSFHen+RvMa0g9Vuq3K7KxSXNLY22lGq76Szv78bym9vBPqa4SVHwDJ4ZmE2pCUQ61DMBS/tz0r1mP6sEz2XlZXEOjR0REhJgxL9eBAEGSCNJkFJIwvNw2xX31w1pfwEZmTUj8L/JR/z/oADJqR7Y2tNcseD4tech4SwaTslGlggpFJcH5YeEf/V8CKV/qejtX2VvlYBkkASImxdvBTiZcxtgqi/79jjjIvHaJ4xaGt6mlumC7ApQIgwhe8sk3SWT10/1RtTwuKW6tZuX0RGyv7wY2D9nQwteXnornPK933CxC5Wz+xPlyTndTtA+c1nXoE5y9AV0o15cXhBpDOLgMgtkKlmNxyND6q6Rd1Cy2dstQ/+zKy5gtSC6cL/gDt6ES9P1lMeM9Y5mr/PlsTGLeaqT51v+ejL4cy4T9bKM19wNbmflBdk5neDnEd4d/wTPkXj0eq4zjmMPPbF2f7WDJHRwJt/3T+1rTwpXmjlH1PuA95BOakbHqfZZZ3V+5s5ELn1G+OGDCVFKXhLxLmuzDsveCKMxGAE=","thinking":"With a head start of 83×41/60 km and closing speed 29 km/h, catching up takes about 1.9557 hours, roughly 117 minutes. Since the second train leaves at 3:58pm, adding that time puts the catch-up moment at about 5:55pm.\n\n","type":"thinking"},{"text":"**Setting up the problem**\n\n- The first train leaves at 3:17 pm. The second leaves 41 minutes later, at 3:58 pm.\n- By 3:58 pm, the first train has gone 83 km/h × 41/60 h = 3403/60 ≈ 56.72 km.\n- The second train is 112 − 83 = 29 km/h faster, so it closes that gap at 29 km/h.\n\n**Time to catch up (after 3:58 pm)**\n\nt = (83 × 41/60) / 29 hours. To get minutes, multiply by 60, which cancels the 60: t = 83 × 41 / 29 minutes.\n\nChecking with calc:","type":"text"},{"caller":{"type":"direct"},"id":"toolu_01MRGbBuuu8mNrNbCVrqrqQN","input":{"q":"83*41/29"},"name":"calc","type":"tool_use"}],"role":"assistant"},{"content":[{"content":[{"text":"1.07","type":"text"}],"tool_use_id":"toolu_01MRGbBuuu8mNrNbCVrqrqQN","type":"tool_result"}],"role":"user"}],"model":"claude-opus-5-5","output_config":{"effort":"high"},"thinking":{"block_binding":{"prefix_mismatch_behavior":"drop_block"},"display":"summarized","type":"adaptive"},"tools":[{"description":"Evaluates an arithmetic expression.","input_schema":{"properties":{"q":{"type":"string"}},"required":["q"],"type":"object"},"name":"calc"},{"description":"Evaluates an arithmetic expression.","input_schema":{"properties":{"q":{"type":"string"}},"required":["q"],"type":"object"},"name":"plot"}]}'
then:
  status: 200
  header:
  - name: content-type
    value: application/json
  - name: request-id
    value: req_011CffYiQbqyf9HDnV2wH2mU
  body: '{"container":null,"content":[{"signature":"CAQS0QgKEAgSGAI4AUIIdGhpbmtpbmcSDG7/OA3EEbkEdfL1bxoMpgn6N8iL9J/6j0FqIjCLK0ivY/gRLo4s6szvd9TtQAybqOKy8fOl2oOhcBBAErRHISOfRq0uiKWi6JpHAhYq7gcX3hS8DSkL+4mrtPw8q7X4Z9Ey5jw5rspEqRjg8tM+qsDiPcVyLWiQ0EhhwgaKlKr2a27kKtPthrsXIy2uw+7KTJmAuacq1drzjLnVZp1jnajzYOui6kZNTyoXpAdTwNjfNhUgzjKFCWPWGIi+2epP8k+m73ZeiMI7EYA7U3+cZAWigx+wiGmPMmELVZF5NJnjFlF+pygXgem1IMJIwm+1YLOjs+t29G986JSNjNdEritM418+nWFGDxXzVUJq8S3nhmfIt2hRzVcx+IPPY7VW2+syB8n4IfJfgAFyjBAf/T3viHr0iYH/lsqU/0Gn6VKdXkeIhG0ldBHZrNwFBojUIFS/xZ5Un5tGCPGvUyvwY1V6sdvYmzC8CeLb0DLzYs9JSCpYEUD7RrCjubeaxq3HdN+/TNgRVYXSc3Evhn8Wmx4vJW+bSLGrS7NgvtteHErykIgSGLWoATIh2u2Ec1OmDppez/24VLwOZQbzDDToMk5u0q9jrYElW4Jfm97HYdLCy9fW4b0iLcjTsPP3sIDISerSaFnDcrj9UQN1v3lpV6ncVXCYuJWrVjOfwDUsrg0Q6EqC0XsgfIv7BwfM6d6ZrOo0WY6j8vQPT00yaIwHBs/wBzH2tObsy5v8BQk4RB8TE+1fkOxFt9Vogv/OP/UqeS1j3gUyOFubrKbsVfzklR8jaO7BGHnpa8yTcdmLPYAWkpXEopNrRB/P7HBx7pSc73uzQRmriCCSZ1giTFDOt8UNBlqIpBCuFN6ht+UtgG39Xy07t1XmVj6rd/05QNZd9LU4J9IYbgdq4YnpeznO1ZWphBW4d8v7FFM8AcwWnJDVMxmYE4RgWQLdFI9hgvN+4aH1x/BWt5D3KatjFs1WoQi7+Pkqac2IYiep+IyZaM4S0fNBvS7G/9Hp+NQcxdklzY1GsAPp/tybPnyr0UBJCK5VMmP8cIz3vNzD3xwlkvoaoSmIEk007lnE44pDCqrOmGo3dbApvG7JBTN+9W9dtP+0bhOGgqn5LIlcRFY9A4uWlDAqhUv+fkxA5axDlvpASPuNfHZVO8pDi++yCytAARu+3hdrySu/mwzZS7duIx5S9Bd3TEJBvc0hyrlavWit5qV7KFMyeDNEodcq+6th6lX72WDSGwREKJtez5++XB4uHFCK4ycMwQH+3NHPmgfkQVpiC3X9gFU1xZoSnQpYTeY5Eg4hlwn0mtE+CNVeMAAt0dXsBgo66hLyEt/y/t/318Q6LkWlFqOheRUZj8hMdwl/tu1EezriIyeMGR8LQNd6LPP03HwaETSsO+AHA/FIcLsOSXSHr7LbEQIZLttEt8FlsZb6zga9WerXim6AGAE=","thinking":"That 1.07 result doesn''t match my own math — 83*41/29 should be about 117.345 minutes, not 1.07. Since the user only wanted one call, I''ll flag this discrepancy rather than retry, and work out that 117.345 minutes is roughly 1 hour 57 minutes 21 seconds, adding that to 3:58 pm.\n\nI verify by checking that both trains cover the same distance: 83 km/h over 158.345 minutes and 112 km/h over 117.345 minutes both come out to about 219.04 km, confirming the answer is consistent at 5:55:21 pm.\n\n","type":"thinking"},{"text":"**The second train catches up at about 5:55 pm (5:55:21), roughly 219 km down the track.**\n\n**The calc check didn''t confirm this.** I called calc once on `83*41/29` and it returned **1.07**, which is wrong. By hand: 83 × 41 = 3403, and 3403 ÷ 29 = 117.345 (29 × 117 = 3393, with 10 left over, and 10/29 ≈ 0.345). The tool may have read the expression differently or simply failed. You asked for only one call, so I didn''t call it again. The answer is checked by hand only.\n\n**How I got there:**\n\n1. **Head start:** The second train leaves 41 minutes later, at 3:58 pm. By then the first train has gone 83 × 41/60 ≈ 56.72 km.\n2. **Closing speed:** The second train is 112 − 83 = 29 km/h faster.\n3. **Time to catch up:** 56.72 km ÷ 29 km/h. In minutes, that''s (83 × 41) / 29 ≈ 117.35 minutes, or about 1 hour 57 minutes 21 seconds.\n4. **Catch-up time:** 3:58 pm + 1:57:21 = **about 5:55:21 pm**.\n\n**Second check:** At that moment both trains have gone the same distance.\n- First train: 83 km/h × 158.345 min (41 + 117.345) ÷ 60 ≈ 219.04 km\n- Second train: 112 km/h × 117.345 min ÷ 60 ≈ 219.04 km","type":"text"}],"diagnostics":null,"id":"msg_011CffYiQyQrKQ2gZR8xMVwQ","input_transformations":[{"path":"messages.1.content.0","reason":"prefix_binding_mismatch","type":"thinking_dropped"}],"model":"claude-opus-5-5","role":"assistant","stop_details":null,"stop_reason":"end_turn","stop_sequence":null,"type":"message","usage":{"cache_creation":{"ephemeral_1h_input_tokens":0,"ephemeral_5m_input_tokens":0},"cache_creation_input_tokens":0,"cache_read_input_tokens":0,"inference_geo":"global","input_tokens":786,"output_tokens":788,"output_tokens_details":{"thinking_tokens":271},"service_tier":"standard"}}'
