when:
  path: /chat/completions
  method: POST
  query_param: []
  header:
  - name: accept
    value: '*/*'
  - name: content-type
    value: application/json
  body: '{"max_tokens":112,"messages":[{"content":"Call the file_report tool exactly once. Set its summary argument to the user''s text, copied out verbatim and in full. Do not summarise, do not shorten, do not think about it.","role":"system"},{"content":"Copy this into file_report: the nightly build broke because the cache warmer raced the artifact uploader; the retry storm then saturated the queue; the on-call engineer drained three regions by hand; the dashboards lagged nine minutes behind; the checksum verifier timed out twice; the release channel notification never fired; the rollback took forty minutes; the incident channel filled with duplicate alerts; the paging policy escalated to the wrong rotation; and the postmortem template was missing three required sections.","role":"user"}],"model":"deepseek-v4-flash","thinking":{"type":"enabled"},"tools":[{"function":{"description":"File an incident report.","name":"file_report","parameters":{"properties":{"summary":{"description":"A long verbatim summary of the incident.","type":"string"}},"required":["summary"],"type":"object"}},"type":"function"}]}'
then:
  status: 200
  header:
  - name: content-type
    value: application/json
  body: '{"choices":[{"finish_reason":"length","index":0,"logprobs":null,"message":{"content":"","reasoning_content":"The user wants me to call file_report with the summary being their text verbatim. Let me copy it exactly.","role":"assistant","tool_calls":[{"function":{"arguments":"{\"summary\": \"the nightly build broke because the cache warmer raced the artifact uploader; the retry storm then saturated the queue; the on-call engineer drained three regions by hand; the dashboards lagged nine minutes behind; the checksum verifier timed out twice; the release channel notification never fired; the rollback took forty","name":"file_report"},"id":"call_00_FmaYsKc8pjIR5JucTg0O1117","index":0,"type":"function"}]}}],"created":0,"id":"0ae7a363-8d93-463d-9e4c-ab38ead308f8","model":"deepseek-flash","object":"chat.completion","system_fingerprint":"aeb56401ca74e127821c4f9126dcb669","usage":{"completion_tokens":112,"completion_tokens_details":{"reasoning_tokens":23},"prompt_cache_hit_tokens":256,"prompt_cache_miss_tokens":186,"prompt_tokens":442,"prompt_tokens_details":{"cached_tokens":256},"total_tokens":554}}'
